{
  "version": 4,
  "terraform_version": "1.5.7",
  "serial": 286,
  "lineage": "b9ee5571-ec89-54ba-1c83-b3412d518212",
  "outputs": {
    "alb_dns_name": {
      "value": "ALB not enabled in free-tier mode",
      "type": "string"
    },
    "alb_security_group_id": {
      "value": "sg-084bc393050b09562",
      "type": "string"
    },
    "api_url": {
      "value": "Backend accessible via EC2 instance",
      "type": "string"
    },
    "application_url": {
      "value": "http://concert-dev-frontend-d453b7db.s3-website-us-east-1.amazonaws.com",
      "type": "string"
    },
    "backend_ec2_eip": {
      "value": "44.215.145.187",
      "type": "string"
    },
    "backend_ec2_instance_id": {
      "value": "i-02883ae4914a92e3e",
      "type": "string"
    },
    "backend_ec2_public_ip": {
      "value": "44.200.159.251",
      "type": "string"
    },
    "backend_ec2_ssh_command": {
      "value": "ssh -i concert-key.pem ubuntu@44.200.159.251",
      "type": "string"
    },
    "backend_ecr_repository_url": {
      "value": "161326240347.dkr.ecr.us-east-1.amazonaws.com/concert/concert-backend",
      "type": "string"
    },
    "backend_service_name": {
      "value": "Using EC2 instances",
      "type": "string"
    },
    "cloudfront_domain_name": {
      "value": "http://concert-dev-frontend-d453b7db.s3-website-us-east-1.amazonaws.com",
      "type": "string"
    },
    "cloudwatch_log_group": {
      "value": "/ecs/concert",
      "type": "string"
    },
    "ecs_cluster_name": {
      "value": "concert-cluster",
      "type": "string"
    },
    "ecs_security_group_id": {
      "value": "sg-0c5235ced34e7871a",
      "type": "string"
    },
    "frontend_cdn_id": {
      "value": "CloudFront not enabled",
      "type": "string"
    },
    "frontend_ec2_eip": {
      "value": "34.200.160.251",
      "type": "string"
    },
    "frontend_ec2_instance_id": {
      "value": "i-0822088a155f99481",
      "type": "string"
    },
    "frontend_ec2_public_ip": {
      "value": "3.94.54.28",
      "type": "string"
    },
    "frontend_ec2_ssh_command": {
      "value": "ssh -i concert-key.pem ubuntu@3.94.54.28",
      "type": "string"
    },
    "frontend_ecr_repository_url": {
      "value": "161326240347.dkr.ecr.us-east-1.amazonaws.com/concert/concert-frontend",
      "type": "string"
    },
    "frontend_s3_bucket_name": {
      "value": "concert-dev-frontend-d453b7db",
      "type": "string"
    },
    "frontend_service_name": {
      "value": "Using S3/CloudFront",
      "type": "string"
    },
    "private_subnet_ids": {
      "value": [
        "subnet-05be23bd047c8e44c",
        "subnet-0669840a38656fec1"
      ],
      "type": [
        "tuple",
        [
          "string",
          "string"
        ]
      ]
    },
    "public_subnet_ids": {
      "value": [
        "subnet-0cd8d035dcc0f09bb",
        "subnet-0de3021d9d1acc442"
      ],
      "type": [
        "tuple",
        [
          "string",
          "string"
        ]
      ]
    },
    "rds_endpoint": {
      "value": "concert-mysql.csfsyoiy61fp.us-east-1.rds.amazonaws.com:3306",
      "type": "string"
    },
    "rds_security_group_id": {
      "value": "sg-0677bb94792bb564e",
      "type": "string"
    },
    "s3_website_endpoint": {
      "value": "http://concert-dev-frontend-d453b7db.s3-website-us-east-1.amazonaws.com",
      "type": "string"
    },
    "vpc_cidr": {
      "value": "10.0.0.0/16",
      "type": "string"
    },
    "vpc_id": {
      "value": "vpc-077128945cf424869",
      "type": "string"
    }
  },
  "resources": [
    {
      "mode": "data",
      "type": "aws_ami",
      "name": "ubuntu",
      "provider": "provider[\"registry.terraform.io/hashicorp/aws\"]",
      "instances": [
        {
          "schema_version": 0,
          "attributes": {
            "architecture": "x86_64",
            "arn": "arn:aws:ec2:us-east-1::image/ami-0c398cb65a93047f2",
            "block_device_mappings": [
              {
                "device_name": "/dev/sda1",
                "ebs": {
                  "delete_on_termination": "true",
                  "encrypted": "false",
                  "iops": "0",
                  "snapshot_id": "snap-0631691c299b02084",
                  "throughput": "0",
                  "volume_initialization_rate": "0",
                  "volume_size": "8",
                  "volume_type": "gp2"
                },
                "no_device": "",
                "virtual_name": ""
              },
              {
                "device_name": "/dev/sdb",
                "ebs": {},
                "no_device": "",
                "virtual_name": "ephemeral0"
              },
              {
                "device_name": "/dev/sdc",
                "ebs": {},
                "no_device": "",
                "virtual_name": "ephemeral1"
              }
            ],
            "boot_mode": "uefi-preferred",
            "creation_date": "2025-10-15T08:05:51.000Z",
            "deprecation_time": "2027-10-15T08:05:51.000Z",
            "description": "Canonical, Ubuntu, 22.04, amd64 jammy image",
            "ena_support": true,
            "executable_users": null,
            "filter": [
              {
                "name": "name",
                "values": [
                  "ubuntu/images/hvm-ssd/ubuntu-jammy-22.04-amd64-server-*"
                ]
              },
              {
                "name": "virtualization-type",
                "values": [
                  "hvm"
                ]
              }
            ],
            "hypervisor": "xen",
            "id": "ami-0c398cb65a93047f2",
            "image_id": "ami-0c398cb65a93047f2",
            "image_location": "amazon/ubuntu/images/hvm-ssd/ubuntu-jammy-22.04-amd64-server-20251015",
            "image_owner_alias": "amazon",
            "image_type": "machine",
            "imds_support": "",
            "include_deprecated": false,
            "kernel_id": "",
            "last_launched_time": "",
            "most_recent": true,
            "name": "ubuntu/images/hvm-ssd/ubuntu-jammy-22.04-amd64-server-20251015",
            "name_regex": null,
            "owner_id": "099720109477",
            "owners": [
              "099720109477"
            ],
            "platform": "",
            "platform_details": "Linux/UNIX",
            "product_codes": [],
            "public": true,
            "ramdisk_id": "",
            "root_device_name": "/dev/sda1",
            "root_device_type": "ebs",
            "root_snapshot_id": "snap-0631691c299b02084",
            "sriov_net_support": "simple",
            "state": "available",
            "state_reason": {
              "code": "UNSET",
              "message": "UNSET"
            },
            "tags": {},
            "timeouts": null,
            "tpm_support": "",
            "uefi_data": null,
            "usage_operation": "RunInstances",
            "virtualization_type": "hvm"
          },
          "sensitive_attributes": []
        }
      ]
    },
    {
      "mode": "managed",
      "type": "aws_cloudwatch_log_group",
      "name": "ec2_docker",
      "provider": "provider[\"registry.terraform.io/hashicorp/aws\"]",
      "instances": [
        {
          "index_key": 0,
          "schema_version": 0,
          "attributes": {
            "arn": "arn:aws:logs:us-east-1:161326240347:log-group:/concert/ec2/docker",
            "id": "/concert/ec2/docker",
            "kms_key_id": "",
            "log_group_class": "STANDARD",
            "name": "/concert/ec2/docker",
            "name_prefix": "",
            "retention_in_days": 7,
            "skip_destroy": false,
            "tags": {
              "Name": "concert-ec2-docker-logs"
            },
            "tags_all": {
              "Environment": "dev",
              "ManagedBy": "Terraform",
              "Name": "concert-ec2-docker-logs",
              "Project": "Concert"
            }
          },
          "sensitive_attributes": [],
          "private": "bnVsbA=="
        }
      ]
    },
    {
      "mode": "managed",
      "type": "aws_cloudwatch_log_group",
      "name": "ec2_system",
      "provider": "provider[\"registry.terraform.io/hashicorp/aws\"]",
      "instances": [
        {
          "index_key": 0,
          "schema_version": 0,
          "attributes": {
            "arn": "arn:aws:logs:us-east-1:161326240347:log-group:/concert/ec2/system",
            "id": "/concert/ec2/system",
            "kms_key_id": "",
            "log_group_class": "STANDARD",
            "name": "/concert/ec2/system",
            "name_prefix": "",
            "retention_in_days": 7,
            "skip_destroy": false,
            "tags": {
              "Name": "concert-ec2-system-logs"
            },
            "tags_all": {
              "Environment": "dev",
              "ManagedBy": "Terraform",
              "Name": "concert-ec2-system-logs",
              "Project": "Concert"
            }
          },
          "sensitive_attributes": [],
          "private": "bnVsbA=="
        }
      ]
    },
    {
      "mode": "managed",
      "type": "aws_cloudwatch_log_group",
      "name": "ecs",
      "provider": "provider[\"registry.terraform.io/hashicorp/aws\"]",
      "instances": [
        {
          "schema_version": 0,
          "attributes": {
            "arn": "arn:aws:logs:us-east-1:161326240347:log-group:/ecs/concert",
            "id": "/ecs/concert",
            "kms_key_id": "",
            "log_group_class": "STANDARD",
            "name": "/ecs/concert",
            "name_prefix": "",
            "retention_in_days": 7,
            "skip_destroy": false,
            "tags": {
              "Name": "concert-logs"
            },
            "tags_all": {
              "Environment": "dev",
              "ManagedBy": "Terraform",
              "Name": "concert-logs",
              "Project": "Concert"
            }
          },
          "sensitive_attributes": [],
          "private": "bnVsbA=="
        }
      ]
    },
    {
      "mode": "managed",
      "type": "aws_db_instance",
      "name": "concert",
      "provider": "provider[\"registry.terraform.io/hashicorp/aws\"]",
      "instances": [
        {
          "schema_version": 2,
          "attributes": {
            "address": "concert-mysql.csfsyoiy61fp.us-east-1.rds.amazonaws.com",
            "allocated_storage": 20,
            "allow_major_version_upgrade": null,
            "apply_immediately": false,
            "arn": "arn:aws:rds:us-east-1:161326240347:db:concert-mysql",
            "auto_minor_version_upgrade": true,
            "availability_zone": "us-east-1a",
            "backup_retention_period": 7,
            "backup_target": "region",
            "backup_window": "03:00-04:00",
            "blue_green_update": [],
            "ca_cert_identifier": "rds-ca-rsa2048-g1",
            "character_set_name": "",
            "copy_tags_to_snapshot": false,
            "custom_iam_instance_profile": "",
            "customer_owned_ip_enabled": false,
            "database_insights_mode": "standard",
            "db_name": "concert_db",
            "db_subnet_group_name": "concert-db-subnet-group",
            "dedicated_log_volume": false,
            "delete_automated_backups": true,
            "deletion_protection": false,
            "domain": "",
            "domain_auth_secret_arn": "",
            "domain_dns_ips": null,
            "domain_fqdn": "",
            "domain_iam_role_name": "",
            "domain_ou": "",
            "enabled_cloudwatch_logs_exports": [
              "error",
              "general",
              "slowquery"
            ],
            "endpoint": "concert-mysql.csfsyoiy61fp.us-east-1.rds.amazonaws.com:3306",
            "engine": "mysql",
            "engine_lifecycle_support": "open-source-rds-extended-support",
            "engine_version": "8.0.43",
            "engine_version_actual": "8.0.43",
            "final_snapshot_identifier": null,
            "hosted_zone_id": "Z2R2ITUGPM61AM",
            "iam_database_authentication_enabled": false,
            "id": "db-KQES3MYMVKAWVCJ24R2NMOTATU",
            "identifier": "concert-mysql",
            "identifier_prefix": "",
            "instance_class": "db.t3.micro",
            "iops": 3000,
            "kms_key_id": "arn:aws:kms:us-east-1:161326240347:key/b423d84d-1576-4a3a-b3ff-530223853841",
            "latest_restorable_time": "2025-10-30T04:06:14Z",
            "license_model": "general-public-license",
            "listener_endpoint": [],
            "maintenance_window": "mon:04:00-mon:05:00",
            "manage_master_user_password": null,
            "master_user_secret": [],
            "master_user_secret_kms_key_id": null,
            "max_allocated_storage": 0,
            "monitoring_interval": 0,
            "monitoring_role_arn": "",
            "multi_az": false,
            "nchar_character_set_name": "",
            "network_type": "IPV4",
            "option_group_name": "default:mysql-8-0",
            "parameter_group_name": "default.mysql8.0",
            "password": "ChangeMe123!",
            "password_wo": null,
            "password_wo_version": null,
            "performance_insights_enabled": false,
            "performance_insights_kms_key_id": "",
            "performance_insights_retention_period": 0,
            "port": 3306,
            "publicly_accessible": false,
            "replica_mode": "",
            "replicas": [],
            "replicate_source_db": "",
            "resource_id": "db-KQES3MYMVKAWVCJ24R2NMOTATU",
            "restore_to_point_in_time": [],
            "s3_import": [],
            "skip_final_snapshot": true,
            "snapshot_identifier": null,
            "status": "available",
            "storage_encrypted": true,
            "storage_throughput": 125,
            "storage_type": "gp3",
            "tags": {
              "Name": "concert-mysql"
            },
            "tags_all": {
              "Environment": "dev",
              "ManagedBy": "Terraform",
              "Name": "concert-mysql",
              "Project": "Concert"
            },
            "timeouts": null,
            "timezone": "",
            "upgrade_storage_config": null,
            "username": "concert_user",
            "vpc_security_group_ids": [
              "sg-0677bb94792bb564e"
            ]
          },
          "sensitive_attributes": [
            [
              {
                "type": "get_attr",
                "value": "password"
              }
            ],
            [
              {
                "type": "get_attr",
                "value": "username"
              }
            ]
          ],
          "private": "eyJlMmJmYjczMC1lY2FhLTExZTYtOGY4OC0zNDM2M2JjN2M0YzAiOnsiY3JlYXRlIjozMDAwMDAwMDAwMDAwLCJkZWxldGUiOjM2MDAwMDAwMDAwMDAsInVwZGF0ZSI6NDgwMDAwMDAwMDAwMH0sInNjaGVtYV92ZXJzaW9uIjoiMiJ9",
          "dependencies": [
            "aws_db_subnet_group.concert",
            "aws_security_group.alb",
            "aws_security_group.ecs_tasks",
            "aws_security_group.rds",
            "aws_subnet.private",
            "aws_vpc.concert"
          ]
        }
      ]
    },
    {
      "mode": "managed",
      "type": "aws_db_subnet_group",
      "name": "concert",
      "provider": "provider[\"registry.terraform.io/hashicorp/aws\"]",
      "instances": [
        {
          "schema_version": 0,
          "attributes": {
            "arn": "arn:aws:rds:us-east-1:161326240347:subgrp:concert-db-subnet-group",
            "description": "Managed by Terraform",
            "id": "concert-db-subnet-group",
            "name": "concert-db-subnet-group",
            "name_prefix": "",
            "subnet_ids": [
              "subnet-05be23bd047c8e44c",
              "subnet-0669840a38656fec1"
            ],
            "supported_network_types": [
              "IPV4"
            ],
            "tags": {
              "Name": "concert-db-subnet-group"
            },
            "tags_all": {
              "Environment": "dev",
              "ManagedBy": "Terraform",
              "Name": "concert-db-subnet-group",
              "Project": "Concert"
            },
            "vpc_id": "vpc-077128945cf424869"
          },
          "sensitive_attributes": [],
          "private": "bnVsbA==",
          "dependencies": [
            "aws_subnet.private",
            "aws_vpc.concert"
          ]
        }
      ]
    },
    {
      "mode": "managed",
      "type": "aws_ecr_repository",
      "name": "backend",
      "provider": "provider[\"registry.terraform.io/hashicorp/aws\"]",
      "instances": [
        {
          "schema_version": 0,
          "attributes": {
            "arn": "arn:aws:ecr:us-east-1:161326240347:repository/concert/concert-backend",
            "encryption_configuration": [
              {
                "encryption_type": "AES256",
                "kms_key": ""
              }
            ],
            "force_delete": null,
            "id": "concert/concert-backend",
            "image_scanning_configuration": [
              {
                "scan_on_push": true
              }
            ],
            "image_tag_mutability": "MUTABLE",
            "name": "concert/concert-backend",
            "registry_id": "161326240347",
            "repository_url": "161326240347.dkr.ecr.us-east-1.amazonaws.com/concert/concert-backend",
            "tags": {
              "Name": "concert-backend-repo"
            },
            "tags_all": {
              "Environment": "dev",
              "ManagedBy": "Terraform",
              "Name": "concert-backend-repo",
              "Project": "Concert"
            },
            "timeouts": null
          },
          "sensitive_attributes": [],
          "private": "eyJlMmJmYjczMC1lY2FhLTExZTYtOGY4OC0zNDM2M2JjN2M0YzAiOnsiZGVsZXRlIjoxMjAwMDAwMDAwMDAwfX0="
        }
      ]
    },
    {
      "mode": "managed",
      "type": "aws_ecr_repository",
      "name": "frontend",
      "provider": "provider[\"registry.terraform.io/hashicorp/aws\"]",
      "instances": [
        {
          "schema_version": 0,
          "attributes": {
            "arn": "arn:aws:ecr:us-east-1:161326240347:repository/concert/concert-frontend",
            "encryption_configuration": [
              {
                "encryption_type": "AES256",
                "kms_key": ""
              }
            ],
            "force_delete": null,
            "id": "concert/concert-frontend",
            "image_scanning_configuration": [
              {
                "scan_on_push": true
              }
            ],
            "image_tag_mutability": "MUTABLE",
            "name": "concert/concert-frontend",
            "registry_id": "161326240347",
            "repository_url": "161326240347.dkr.ecr.us-east-1.amazonaws.com/concert/concert-frontend",
            "tags": {
              "Name": "concert-frontend-repo"
            },
            "tags_all": {
              "Environment": "dev",
              "ManagedBy": "Terraform",
              "Name": "concert-frontend-repo",
              "Project": "Concert"
            },
            "timeouts": null
          },
          "sensitive_attributes": [],
          "private": "eyJlMmJmYjczMC1lY2FhLTExZTYtOGY4OC0zNDM2M2JjN2M0YzAiOnsiZGVsZXRlIjoxMjAwMDAwMDAwMDAwfX0="
        }
      ]
    },
    {
      "mode": "managed",
      "type": "aws_ecs_cluster",
      "name": "concert",
      "provider": "provider[\"registry.terraform.io/hashicorp/aws\"]",
      "instances": [
        {
          "schema_version": 0,
          "attributes": {
            "arn": "arn:aws:ecs:us-east-1:161326240347:cluster/concert-cluster",
            "configuration": [],
            "id": "arn:aws:ecs:us-east-1:161326240347:cluster/concert-cluster",
            "name": "concert-cluster",
            "service_connect_defaults": [],
            "setting": [
              {
                "name": "containerInsights",
                "value": "enabled"
              }
            ],
            "tags": {
              "Name": "concert-cluster"
            },
            "tags_all": {
              "Environment": "dev",
              "ManagedBy": "Terraform",
              "Name": "concert-cluster",
              "Project": "Concert"
            }
          },
          "sensitive_attributes": [],
          "private": "bnVsbA=="
        }
      ]
    },
    {
      "mode": "managed",
      "type": "aws_ecs_cluster_capacity_providers",
      "name": "concert",
      "provider": "provider[\"registry.terraform.io/hashicorp/aws\"]",
      "instances": [
        {
          "schema_version": 0,
          "attributes": {
            "capacity_providers": [
              "FARGATE",
              "FARGATE_SPOT"
            ],
            "cluster_name": "concert-cluster",
            "default_capacity_provider_strategy": [
              {
                "base": 1,
                "capacity_provider": "FARGATE",
                "weight": 100
              }
            ],
            "id": "concert-cluster"
          },
          "sensitive_attributes": [],
          "private": "bnVsbA==",
          "dependencies": [
            "aws_ecs_cluster.concert"
          ]
        }
      ]
    },
    {
      "mode": "managed",
      "type": "aws_ecs_task_definition",
      "name": "backend",
      "provider": "provider[\"registry.terraform.io/hashicorp/aws\"]",
      "instances": [
        {
          "schema_version": 1,
          "attributes": {
            "arn": "arn:aws:ecs:us-east-1:161326240347:task-definition/concert-backend:2",
            "arn_without_revision": "arn:aws:ecs:us-east-1:161326240347:task-definition/concert-backend",
            "container_definitions": "[{\"environment\":[{\"name\":\"JAVA_OPTS\",\"value\":\"-Xmx256m -Xms128m\"},{\"name\":\"SPRING_DATASOURCE_URL\",\"value\":\"jdbc:mysql://concert-mysql.csfsyoiy61fp.us-east-1.rds.amazonaws.com:3306/concert_db\"},{\"name\":\"SPRING_DATASOURCE_USERNAME\",\"value\":\"concert_user\"},{\"name\":\"SPRING_JPA_HIBERNATE_DDL_AUTO\",\"value\":\"update\"},{\"name\":\"SPRING_PROFILES_ACTIVE\",\"value\":\"aws\"}],\"essential\":true,\"image\":\"123456789012.dkr.ecr.us-east-1.amazonaws.com/concert/concert-backend:latest\",\"logConfiguration\":{\"logDriver\":\"awslogs\",\"options\":{\"awslogs-group\":\"/ecs/concert\",\"awslogs-region\":\"us-east-1\",\"awslogs-stream-prefix\":\"ecs\"}},\"mountPoints\":[],\"name\":\"concert-backend\",\"portMappings\":[{\"containerPort\":8080,\"hostPort\":8080,\"protocol\":\"tcp\"}],\"secrets\":[{\"name\":\"SPRING_DATASOURCE_PASSWORD\",\"valueFrom\":\"arn:aws:secretsmanager:us-east-1:161326240347:secret:concert/rds/password-2025-10-30-0400-PkJp1Y:password::\"}],\"systemControls\":[],\"volumesFrom\":[]}]",
            "cpu": "256",
            "enable_fault_injection": false,
            "ephemeral_storage": [],
            "execution_role_arn": "arn:aws:iam::161326240347:role/concert-ecs-task-execution-role",
            "family": "concert-backend",
            "id": "concert-backend",
            "inference_accelerator": [],
            "ipc_mode": "",
            "memory": "512",
            "network_mode": "awsvpc",
            "pid_mode": "",
            "placement_constraints": [],
            "proxy_configuration": [],
            "requires_compatibilities": [
              "FARGATE"
            ],
            "revision": 2,
            "runtime_platform": [],
            "skip_destroy": false,
            "tags": {
              "Name": "concert-backend-task"
            },
            "tags_all": {
              "Environment": "dev",
              "ManagedBy": "Terraform",
              "Name": "concert-backend-task",
              "Project": "Concert"
            },
            "task_role_arn": "arn:aws:iam::161326240347:role/concert-ecs-task-role",
            "track_latest": false,
            "volume": []
          },
          "sensitive_attributes": [
            [
              {
                "type": "get_attr",
                "value": "container_definitions"
              }
            ]
          ],
          "private": "eyJzY2hlbWFfdmVyc2lvbiI6IjEifQ==",
          "dependencies": [
            "aws_cloudwatch_log_group.ecs",
            "aws_db_instance.concert",
            "aws_db_subnet_group.concert",
            "aws_iam_role.ecs_task_execution_role",
            "aws_iam_role.ecs_task_role",
            "aws_secretsmanager_secret.db_password",
            "aws_security_group.alb",
            "aws_security_group.ecs_tasks",
            "aws_security_group.rds",
            "aws_subnet.private",
            "aws_vpc.concert"
          ]
        }
      ]
    },
    {
      "mode": "managed",
      "type": "aws_ecs_task_definition",
      "name": "frontend",
      "provider": "provider[\"registry.terraform.io/hashicorp/aws\"]",
      "instances": [
        {
          "schema_version": 1,
          "attributes": {
            "arn": "arn:aws:ecs:us-east-1:161326240347:task-definition/concert-frontend:3",
            "arn_without_revision": "arn:aws:ecs:us-east-1:161326240347:task-definition/concert-frontend",
            "container_definitions": "[{\"environment\":[{\"name\":\"NODE_ENV\",\"value\":\"dev\"}],\"essential\":true,\"image\":\"123456789012.dkr.ecr.us-east-1.amazonaws.com/concert/concert-frontend:latest\",\"logConfiguration\":{\"logDriver\":\"awslogs\",\"options\":{\"awslogs-region\":\"us-east-1\",\"awslogs-stream-prefix\":\"ecs\",\"awslogs-group\":\"/ecs/concert\"}},\"mountPoints\":[],\"name\":\"concert-frontend\",\"portMappings\":[{\"containerPort\":3000,\"hostPort\":3000,\"protocol\":\"tcp\"}],\"systemControls\":[],\"volumesFrom\":[]}]",
            "cpu": "256",
            "enable_fault_injection": false,
            "ephemeral_storage": [],
            "execution_role_arn": "arn:aws:iam::161326240347:role/concert-ecs-task-execution-role",
            "family": "concert-frontend",
            "id": "concert-frontend",
            "inference_accelerator": [],
            "ipc_mode": "",
            "memory": "512",
            "network_mode": "awsvpc",
            "pid_mode": "",
            "placement_constraints": [],
            "proxy_configuration": [],
            "requires_compatibilities": [
              "FARGATE"
            ],
            "revision": 3,
            "runtime_platform": [],
            "skip_destroy": false,
            "tags": {
              "Name": "concert-frontend-task"
            },
            "tags_all": {
              "Environment": "dev",
              "ManagedBy": "Terraform",
              "Name": "concert-frontend-task",
              "Project": "Concert"
            },
            "task_role_arn": "arn:aws:iam::161326240347:role/concert-ecs-task-role",
            "track_latest": false,
            "volume": []
          },
          "sensitive_attributes": [],
          "private": "eyJzY2hlbWFfdmVyc2lvbiI6IjEifQ==",
          "dependencies": [
            "aws_cloudwatch_log_group.ecs",
            "aws_iam_role.ecs_task_execution_role",
            "aws_iam_role.ecs_task_role"
          ]
        }
      ]
    },
    {
      "mode": "managed",
      "type": "aws_eip",
      "name": "backend",
      "provider": "provider[\"registry.terraform.io/hashicorp/aws\"]",
      "instances": [
        {
          "index_key": 0,
          "schema_version": 0,
          "attributes": {
            "address": null,
            "allocation_id": "eipalloc-0d9ef307985a6e645",
            "arn": "arn:aws:ec2:us-east-1:161326240347:elastic-ip/eipalloc-0d9ef307985a6e645",
            "associate_with_private_ip": null,
            "association_id": "eipassoc-02ac7b25184e79783",
            "carrier_ip": "",
            "customer_owned_ip": "",
            "customer_owned_ipv4_pool": "",
            "domain": "vpc",
            "id": "eipalloc-0d9ef307985a6e645",
            "instance": "i-02883ae4914a92e3e",
            "ipam_pool_id": null,
            "network_border_group": "us-east-1",
            "network_interface": "eni-09241ca10b3b8fbf6",
            "private_dns": "ip-10-0-1-34.ec2.internal",
            "private_ip": "10.0.1.34",
            "ptr_record": "",
            "public_dns": "ec2-44-215-145-187.compute-1.amazonaws.com",
            "public_ip": "44.215.145.187",
            "public_ipv4_pool": "amazon",
            "tags": {
              "Name": "concert-backend-eip"
            },
            "tags_all": {
              "Environment": "dev",
              "ManagedBy": "Terraform",
              "Name": "concert-backend-eip",
              "Project": "Concert"
            },
            "timeouts": null,
            "vpc": true
          },
          "sensitive_attributes": [],
          "private": "eyJlMmJmYjczMC1lY2FhLTExZTYtOGY4OC0zNDM2M2JjN2M0YzAiOnsiZGVsZXRlIjoxODAwMDAwMDAwMDAsInJlYWQiOjkwMDAwMDAwMDAwMCwidXBkYXRlIjozMDAwMDAwMDAwMDB9fQ==",
          "dependencies": [
            "aws_iam_instance_profile.ec2_profile",
            "aws_iam_role.ec2_role",
            "aws_instance.backend",
            "aws_internet_gateway.concert",
            "aws_key_pair.deployer",
            "aws_security_group.ec2",
            "aws_subnet.public",
            "aws_vpc.concert",
            "data.aws_ami.ubuntu",
            "tls_private_key.generated"
          ]
        }
      ]
    },
    {
      "mode": "managed",
      "type": "aws_eip",
      "name": "frontend",
      "provider": "provider[\"registry.terraform.io/hashicorp/aws\"]",
      "instances": [
        {
          "index_key": 0,
          "schema_version": 0,
          "attributes": {
            "address": null,
            "allocation_id": "eipalloc-05f2622328e1826b1",
            "arn": "arn:aws:ec2:us-east-1:161326240347:elastic-ip/eipalloc-05f2622328e1826b1",
            "associate_with_private_ip": null,
            "association_id": "eipassoc-09653fce5268994f4",
            "carrier_ip": "",
            "customer_owned_ip": "",
            "customer_owned_ipv4_pool": "",
            "domain": "vpc",
            "id": "eipalloc-05f2622328e1826b1",
            "instance": "i-0822088a155f99481",
            "ipam_pool_id": null,
            "network_border_group": "us-east-1",
            "network_interface": "eni-0ba81bd3881d88012",
            "private_dns": "ip-10-0-2-160.ec2.internal",
            "private_ip": "10.0.2.160",
            "ptr_record": "",
            "public_dns": "ec2-34-200-160-251.compute-1.amazonaws.com",
            "public_ip": "34.200.160.251",
            "public_ipv4_pool": "amazon",
            "tags": {
              "Name": "concert-frontend-eip"
            },
            "tags_all": {
              "Environment": "dev",
              "ManagedBy": "Terraform",
              "Name": "concert-frontend-eip",
              "Project": "Concert"
            },
            "timeouts": null,
            "vpc": true
          },
          "sensitive_attributes": [],
          "private": "eyJlMmJmYjczMC1lY2FhLTExZTYtOGY4OC0zNDM2M2JjN2M0YzAiOnsiZGVsZXRlIjoxODAwMDAwMDAwMDAsInJlYWQiOjkwMDAwMDAwMDAwMCwidXBkYXRlIjozMDAwMDAwMDAwMDB9fQ==",
          "dependencies": [
            "aws_iam_instance_profile.ec2_profile",
            "aws_iam_role.ec2_role",
            "aws_instance.frontend",
            "aws_internet_gateway.concert",
            "aws_key_pair.deployer",
            "aws_security_group.ec2",
            "aws_subnet.public",
            "aws_vpc.concert",
            "data.aws_ami.ubuntu",
            "tls_private_key.generated"
          ]
        }
      ]
    },
    {
      "mode": "managed",
      "type": "aws_eip",
      "name": "nat",
      "provider": "provider[\"registry.terraform.io/hashicorp/aws\"]",
      "instances": [
        {
          "index_key": 0,
          "schema_version": 0,
          "attributes": {
            "address": null,
            "allocation_id": "eipalloc-0290a506a2b87a4d6",
            "arn": "arn:aws:ec2:us-east-1:161326240347:elastic-ip/eipalloc-0290a506a2b87a4d6",
            "associate_with_private_ip": null,
            "association_id": "",
            "carrier_ip": "",
            "customer_owned_ip": "",
            "customer_owned_ipv4_pool": "",
            "domain": "vpc",
            "id": "eipalloc-0290a506a2b87a4d6",
            "instance": "",
            "ipam_pool_id": null,
            "network_border_group": "us-east-1",
            "network_interface": "",
            "private_dns": null,
            "private_ip": "",
            "ptr_record": "",
            "public_dns": "ec2-52-7-60-65.compute-1.amazonaws.com",
            "public_ip": "52.7.60.65",
            "public_ipv4_pool": "amazon",
            "tags": {
              "Name": "concert-eip-1"
            },
            "tags_all": {
              "Environment": "dev",
              "ManagedBy": "Terraform",
              "Name": "concert-eip-1",
              "Project": "Concert"
            },
            "timeouts": null,
            "vpc": true
          },
          "sensitive_attributes": [],
          "private": "eyJlMmJmYjczMC1lY2FhLTExZTYtOGY4OC0zNDM2M2JjN2M0YzAiOnsiZGVsZXRlIjoxODAwMDAwMDAwMDAsInJlYWQiOjkwMDAwMDAwMDAwMCwidXBkYXRlIjozMDAwMDAwMDAwMDB9fQ==",
          "dependencies": [
            "aws_internet_gateway.concert",
            "aws_vpc.concert"
          ]
        },
        {
          "index_key": 1,
          "schema_version": 0,
          "attributes": {
            "address": null,
            "allocation_id": "eipalloc-088969fa79557bf74",
            "arn": "arn:aws:ec2:us-east-1:161326240347:elastic-ip/eipalloc-088969fa79557bf74",
            "associate_with_private_ip": null,
            "association_id": "",
            "carrier_ip": "",
            "customer_owned_ip": "",
            "customer_owned_ipv4_pool": "",
            "domain": "vpc",
            "id": "eipalloc-088969fa79557bf74",
            "instance": "",
            "ipam_pool_id": null,
            "network_border_group": "us-east-1",
            "network_interface": "",
            "private_dns": null,
            "private_ip": "",
            "ptr_record": "",
            "public_dns": "ec2-54-161-249-248.compute-1.amazonaws.com",
            "public_ip": "54.161.249.248",
            "public_ipv4_pool": "amazon",
            "tags": {
              "Name": "concert-eip-2"
            },
            "tags_all": {
              "Environment": "dev",
              "ManagedBy": "Terraform",
              "Name": "concert-eip-2",
              "Project": "Concert"
            },
            "timeouts": null,
            "vpc": true
          },
          "sensitive_attributes": [],
          "private": "eyJlMmJmYjczMC1lY2FhLTExZTYtOGY4OC0zNDM2M2JjN2M0YzAiOnsiZGVsZXRlIjoxODAwMDAwMDAwMDAsInJlYWQiOjkwMDAwMDAwMDAwMCwidXBkYXRlIjozMDAwMDAwMDAwMDB9fQ==",
          "dependencies": [
            "aws_internet_gateway.concert",
            "aws_vpc.concert"
          ]
        }
      ]
    },
    {
      "mode": "managed",
      "type": "aws_iam_instance_profile",
      "name": "ec2_profile",
      "provider": "provider[\"registry.terraform.io/hashicorp/aws\"]",
      "instances": [
        {
          "schema_version": 0,
          "attributes": {
            "arn": "arn:aws:iam::161326240347:instance-profile/concert-ec2-profile",
            "create_date": "2025-10-30T04:00:46Z",
            "id": "concert-ec2-profile",
            "name": "concert-ec2-profile",
            "name_prefix": "",
            "path": "/",
            "role": "concert-ec2-role",
            "tags": null,
            "tags_all": {
              "Environment": "dev",
              "ManagedBy": "Terraform",
              "Project": "Concert"
            },
            "unique_id": "AIPASLD6LCJNXTST5XRXM"
          },
          "sensitive_attributes": [],
          "private": "bnVsbA==",
          "dependencies": [
            "aws_iam_role.ec2_role"
          ]
        }
      ]
    },
    {
      "mode": "managed",
      "type": "aws_iam_role",
      "name": "ec2_role",
      "provider": "provider[\"registry.terraform.io/hashicorp/aws\"]",
      "instances": [
        {
          "schema_version": 0,
          "attributes": {
            "arn": "arn:aws:iam::161326240347:role/concert-ec2-role",
            "assume_role_policy": "{\"Statement\":[{\"Action\":\"sts:AssumeRole\",\"Effect\":\"Allow\",\"Principal\":{\"Service\":\"ec2.amazonaws.com\"}}],\"Version\":\"2012-10-17\"}",
            "create_date": "2025-10-30T04:00:45Z",
            "description": "",
            "force_detach_policies": false,
            "id": "concert-ec2-role",
            "inline_policy": [],
            "managed_policy_arns": [],
            "max_session_duration": 3600,
            "name": "concert-ec2-role",
            "name_prefix": "",
            "path": "/",
            "permissions_boundary": "",
            "tags": {
              "Name": "concert-ec2-role"
            },
            "tags_all": {
              "Environment": "dev",
              "ManagedBy": "Terraform",
              "Name": "concert-ec2-role",
              "Project": "Concert"
            },
            "unique_id": "AROASLD6LCJNW52QEFW3I"
          },
          "sensitive_attributes": [],
          "private": "bnVsbA=="
        }
      ]
    },
    {
      "mode": "managed",
      "type": "aws_iam_role",
      "name": "ecs_task_execution_role",
      "provider": "provider[\"registry.terraform.io/hashicorp/aws\"]",
      "instances": [
        {
          "schema_version": 0,
          "attributes": {
            "arn": "arn:aws:iam::161326240347:role/concert-ecs-task-execution-role",
            "assume_role_policy": "{\"Statement\":[{\"Action\":\"sts:AssumeRole\",\"Effect\":\"Allow\",\"Principal\":{\"Service\":\"ecs-tasks.amazonaws.com\"}}],\"Version\":\"2012-10-17\"}",
            "create_date": "2025-10-30T04:00:45Z",
            "description": "",
            "force_detach_policies": false,
            "id": "concert-ecs-task-execution-role",
            "inline_policy": [],
            "managed_policy_arns": [],
            "max_session_duration": 3600,
            "name": "concert-ecs-task-execution-role",
            "name_prefix": "",
            "path": "/",
            "permissions_boundary": "",
            "tags": {
              "Name": "concert-ecs-task-execution-role"
            },
            "tags_all": {
              "Environment": "dev",
              "ManagedBy": "Terraform",
              "Name": "concert-ecs-task-execution-role",
              "Project": "Concert"
            },
            "unique_id": "AROASLD6LCJNTDSNXWITB"
          },
          "sensitive_attributes": [],
          "private": "bnVsbA=="
        }
      ]
    },
    {
      "mode": "managed",
      "type": "aws_iam_role",
      "name": "ecs_task_role",
      "provider": "provider[\"registry.terraform.io/hashicorp/aws\"]",
      "instances": [
        {
          "schema_version": 0,
          "attributes": {
            "arn": "arn:aws:iam::161326240347:role/concert-ecs-task-role",
            "assume_role_policy": "{\"Statement\":[{\"Action\":\"sts:AssumeRole\",\"Effect\":\"Allow\",\"Principal\":{\"Service\":\"ecs-tasks.amazonaws.com\"}}],\"Version\":\"2012-10-17\"}",
            "create_date": "2025-10-30T04:00:46Z",
            "description": "",
            "force_detach_policies": false,
            "id": "concert-ecs-task-role",
            "inline_policy": [],
            "managed_policy_arns": [],
            "max_session_duration": 3600,
            "name": "concert-ecs-task-role",
            "name_prefix": "",
            "path": "/",
            "permissions_boundary": "",
            "tags": {
              "Name": "concert-ecs-task-role"
            },
            "tags_all": {
              "Environment": "dev",
              "ManagedBy": "Terraform",
              "Name": "concert-ecs-task-role",
              "Project": "Concert"
            },
            "unique_id": "AROASLD6LCJNSQ7TFD3JG"
          },
          "sensitive_attributes": [],
          "private": "bnVsbA=="
        }
      ]
    },
    {
      "mode": "managed",
      "type": "aws_iam_role_policy",
      "name": "ec2_ecr_policy",
      "provider": "provider[\"registry.terraform.io/hashicorp/aws\"]",
      "instances": [
        {
          "schema_version": 0,
          "attributes": {
            "id": "concert-ec2-role:concert-ec2-ecr-policy",
            "name": "concert-ec2-ecr-policy",
            "name_prefix": "",
            "policy": "{\"Version\":\"2012-10-17\",\"Statement\":[{\"Action\":[\"ecr:GetAuthorizationToken\",\"ecr:BatchGetImage\",\"ecr:GetDownloadUrlForLayer\",\"ecr:BatchCheckLayerAvailability\"],\"Effect\":\"Allow\",\"Resource\":\"*\"},{\"Action\":[\"logs:CreateLogGroup\",\"logs:CreateLogStream\",\"logs:PutLogEvents\"],\"Effect\":\"Allow\",\"Resource\":\"arn:aws:logs:*:*:*\"},{\"Action\":[\"secretsmanager:GetSecretValue\"],\"Effect\":\"Allow\",\"Resource\":\"arn:aws:secretsmanager:us-east-1:161326240347:secret:concert/rds/password-2025-10-30-0400-PkJp1Y\"}]}",
            "role": "concert-ec2-role"
          },
          "sensitive_attributes": [],
          "private": "bnVsbA==",
          "dependencies": [
            "aws_iam_role.ec2_role",
            "aws_secretsmanager_secret.db_password"
          ]
        }
      ]
    },
    {
      "mode": "managed",
      "type": "aws_iam_role_policy",
      "name": "ecs_task_execution_role_cloudwatch",
      "provider": "provider[\"registry.terraform.io/hashicorp/aws\"]",
      "instances": [
        {
          "schema_version": 0,
          "attributes": {
            "id": "concert-ecs-task-execution-role:concert-ecs-task-execution-cloudwatch",
            "name": "concert-ecs-task-execution-cloudwatch",
            "name_prefix": "",
            "policy": "{\"Version\":\"2012-10-17\",\"Statement\":[{\"Action\":[\"logs:CreateLogGroup\",\"logs:CreateLogStream\",\"logs:PutLogEvents\"],\"Effect\":\"Allow\",\"Resource\":\"arn:aws:logs:*:*:*\"}]}",
            "role": "concert-ecs-task-execution-role"
          },
          "sensitive_attributes": [],
          "private": "bnVsbA==",
          "dependencies": [
            "aws_iam_role.ecs_task_execution_role"
          ]
        }
      ]
    },
    {
      "mode": "managed",
      "type": "aws_iam_role_policy",
      "name": "ecs_task_secrets",
      "provider": "provider[\"registry.terraform.io/hashicorp/aws\"]",
      "instances": [
        {
          "schema_version": 0,
          "attributes": {
            "id": "concert-ecs-task-role:concert-ecs-task-secrets",
            "name": "concert-ecs-task-secrets",
            "name_prefix": "",
            "policy": "{\"Version\":\"2012-10-17\",\"Statement\":[{\"Action\":[\"secretsmanager:GetSecretValue\"],\"Effect\":\"Allow\",\"Resource\":\"arn:aws:secretsmanager:us-east-1:161326240347:secret:concert/rds/password-2025-10-30-0400-PkJp1Y\"},{\"Action\":[\"kms:Decrypt\"],\"Effect\":\"Allow\",\"Resource\":\"*\"}]}",
            "role": "concert-ecs-task-role"
          },
          "sensitive_attributes": [],
          "private": "bnVsbA==",
          "dependencies": [
            "aws_iam_role.ecs_task_role",
            "aws_secretsmanager_secret.db_password"
          ]
        }
      ]
    },
    {
      "mode": "managed",
      "type": "aws_iam_role_policy_attachment",
      "name": "ecs_task_execution_role_policy",
      "provider": "provider[\"registry.terraform.io/hashicorp/aws\"]",
      "instances": [
        {
          "schema_version": 0,
          "attributes": {
            "id": "concert-ecs-task-execution-role-20251030040047181700000003",
            "policy_arn": "arn:aws:iam::aws:policy/service-role/AmazonECSTaskExecutionRolePolicy",
            "role": "concert-ecs-task-execution-role"
          },
          "sensitive_attributes": [],
          "private": "bnVsbA==",
          "dependencies": [
            "aws_iam_role.ecs_task_execution_role"
          ]
        }
      ]
    },
    {
      "mode": "managed",
      "type": "aws_instance",
      "name": "backend",
      "provider": "provider[\"registry.terraform.io/hashicorp/aws\"]",
      "instances": [
        {
          "index_key": 0,
          "schema_version": 1,
          "attributes": {
            "ami": "ami-0c398cb65a93047f2",
            "arn": "arn:aws:ec2:us-east-1:161326240347:instance/i-02883ae4914a92e3e",
            "associate_public_ip_address": true,
            "availability_zone": "us-east-1a",
            "capacity_reservation_specification": [
              {
                "capacity_reservation_preference": "open",
                "capacity_reservation_target": []
              }
            ],
            "cpu_core_count": 1,
            "cpu_options": [
              {
                "amd_sev_snp": "",
                "core_count": 1,
                "threads_per_core": 2
              }
            ],
            "cpu_threads_per_core": 2,
            "credit_specification": [
              {
                "cpu_credits": "unlimited"
              }
            ],
            "disable_api_stop": false,
            "disable_api_termination": false,
            "ebs_block_device": [],
            "ebs_optimized": false,
            "enable_primary_ipv6": null,
            "enclave_options": [
              {
                "enabled": false
              }
            ],
            "ephemeral_block_device": [],
            "get_password_data": false,
            "hibernation": false,
            "host_id": "",
            "host_resource_group_arn": null,
            "iam_instance_profile": "concert-ec2-profile",
            "id": "i-02883ae4914a92e3e",
            "instance_initiated_shutdown_behavior": "stop",
            "instance_lifecycle": "",
            "instance_market_options": [],
            "instance_state": "running",
            "instance_type": "t3.micro",
            "ipv6_address_count": 0,
            "ipv6_addresses": [],
            "key_name": "concert-deployer-key",
            "launch_template": [],
            "maintenance_options": [
              {
                "auto_recovery": "default"
              }
            ],
            "metadata_options": [
              {
                "http_endpoint": "enabled",
                "http_protocol_ipv6": "disabled",
                "http_put_response_hop_limit": 1,
                "http_tokens": "optional",
                "instance_metadata_tags": "disabled"
              }
            ],
            "monitoring": true,
            "network_interface": [],
            "outpost_arn": "",
            "password_data": "",
            "placement_group": "",
            "placement_partition_number": 0,
            "primary_network_interface_id": "eni-09241ca10b3b8fbf6",
            "private_dns": "ip-10-0-1-34.ec2.internal",
            "private_dns_name_options": [
              {
                "enable_resource_name_dns_a_record": false,
                "enable_resource_name_dns_aaaa_record": false,
                "hostname_type": "ip-name"
              }
            ],
            "private_ip": "10.0.1.34",
            "public_dns": "ec2-44-200-159-251.compute-1.amazonaws.com",
            "public_ip": "44.200.159.251",
            "root_block_device": [
              {
                "delete_on_termination": true,
                "device_name": "/dev/sda1",
                "encrypted": true,
                "iops": 3000,
                "kms_key_id": "arn:aws:kms:us-east-1:161326240347:key/17458a80-7ae7-47b7-8165-8ebf16f662c1",
                "tags": null,
                "tags_all": {
                  "Environment": "dev",
                  "ManagedBy": "Terraform",
                  "Project": "Concert"
                },
                "throughput": 125,
                "volume_id": "vol-0ad3c460169289dd7",
                "volume_size": 20,
                "volume_type": "gp3"
              }
            ],
            "secondary_private_ips": [],
            "security_groups": [],
            "source_dest_check": true,
            "spot_instance_request_id": "",
            "subnet_id": "subnet-0cd8d035dcc0f09bb",
            "tags": {
              "Name": "concert-backend-ec2",
              "Role": "backend"
            },
            "tags_all": {
              "Environment": "dev",
              "ManagedBy": "Terraform",
              "Name": "concert-backend-ec2",
              "Project": "Concert",
              "Role": "backend"
            },
            "tenancy": "default",
            "timeouts": null,
            "user_data": "d6789d4db71fd5a53be01b1b2044df8d527b8025",
            "user_data_base64": null,
            "user_data_replace_on_change": false,
            "volume_tags": null,
            "vpc_security_group_ids": [
              "sg-01d844b44878f2b16"
            ]
          },
          "sensitive_attributes": [],
          "private": "eyJlMmJmYjczMC1lY2FhLTExZTYtOGY4OC0zNDM2M2JjN2M0YzAiOnsiY3JlYXRlIjo2MDAwMDAwMDAwMDAsImRlbGV0ZSI6MTIwMDAwMDAwMDAwMCwicmVhZCI6OTAwMDAwMDAwMDAwLCJ1cGRhdGUiOjYwMDAwMDAwMDAwMH0sInNjaGVtYV92ZXJzaW9uIjoiMSJ9",
          "dependencies": [
            "aws_iam_instance_profile.ec2_profile",
            "aws_iam_role.ec2_role",
            "aws_internet_gateway.concert",
            "aws_key_pair.deployer",
            "aws_security_group.ec2",
            "aws_subnet.public",
            "aws_vpc.concert",
            "data.aws_ami.ubuntu",
            "tls_private_key.generated"
          ]
        }
      ]
    },
    {
      "mode": "managed",
      "type": "aws_instance",
      "name": "frontend",
      "provider": "provider[\"registry.terraform.io/hashicorp/aws\"]",
      "instances": [
        {
          "index_key": 0,
          "schema_version": 1,
          "attributes": {
            "ami": "ami-0c398cb65a93047f2",
            "arn": "arn:aws:ec2:us-east-1:161326240347:instance/i-0822088a155f99481",
            "associate_public_ip_address": true,
            "availability_zone": "us-east-1b",
            "capacity_reservation_specification": [
              {
                "capacity_reservation_preference": "open",
                "capacity_reservation_target": []
              }
            ],
            "cpu_core_count": 1,
            "cpu_options": [
              {
                "amd_sev_snp": "",
                "core_count": 1,
                "threads_per_core": 2
              }
            ],
            "cpu_threads_per_core": 2,
            "credit_specification": [
              {
                "cpu_credits": "unlimited"
              }
            ],
            "disable_api_stop": false,
            "disable_api_termination": false,
            "ebs_block_device": [],
            "ebs_optimized": false,
            "enable_primary_ipv6": null,
            "enclave_options": [
              {
                "enabled": false
              }
            ],
            "ephemeral_block_device": [],
            "get_password_data": false,
            "hibernation": false,
            "host_id": "",
            "host_resource_group_arn": null,
            "iam_instance_profile": "concert-ec2-profile",
            "id": "i-0822088a155f99481",
            "instance_initiated_shutdown_behavior": "stop",
            "instance_lifecycle": "",
            "instance_market_options": [],
            "instance_state": "running",
            "instance_type": "t3.micro",
            "ipv6_address_count": 0,
            "ipv6_addresses": [],
            "key_name": "concert-deployer-key",
            "launch_template": [],
            "maintenance_options": [
              {
                "auto_recovery": "default"
              }
            ],
            "metadata_options": [
              {
                "http_endpoint": "enabled",
                "http_protocol_ipv6": "disabled",
                "http_put_response_hop_limit": 1,
                "http_tokens": "optional",
                "instance_metadata_tags": "disabled"
              }
            ],
            "monitoring": true,
            "network_interface": [],
            "outpost_arn": "",
            "password_data": "",
            "placement_group": "",
            "placement_partition_number": 0,
            "primary_network_interface_id": "eni-0ba81bd3881d88012",
            "private_dns": "ip-10-0-2-160.ec2.internal",
            "private_dns_name_options": [
              {
                "enable_resource_name_dns_a_record": false,
                "enable_resource_name_dns_aaaa_record": false,
                "hostname_type": "ip-name"
              }
            ],
            "private_ip": "10.0.2.160",
            "public_dns": "ec2-3-94-54-28.compute-1.amazonaws.com",
            "public_ip": "3.94.54.28",
            "root_block_device": [
              {
                "delete_on_termination": true,
                "device_name": "/dev/sda1",
                "encrypted": true,
                "iops": 3000,
                "kms_key_id": "arn:aws:kms:us-east-1:161326240347:key/17458a80-7ae7-47b7-8165-8ebf16f662c1",
                "tags": null,
                "tags_all": {
                  "Environment": "dev",
                  "ManagedBy": "Terraform",
                  "Project": "Concert"
                },
                "throughput": 125,
                "volume_id": "vol-0d99c7a3b1f9e1d44",
                "volume_size": 20,
                "volume_type": "gp3"
              }
            ],
            "secondary_private_ips": [],
            "security_groups": [],
            "source_dest_check": true,
            "spot_instance_request_id": "",
            "subnet_id": "subnet-0de3021d9d1acc442",
            "tags": {
              "Name": "concert-frontend-ec2",
              "Role": "frontend"
            },
            "tags_all": {
              "Environment": "dev",
              "ManagedBy": "Terraform",
              "Name": "concert-frontend-ec2",
              "Project": "Concert",
              "Role": "frontend"
            },
            "tenancy": "default",
            "timeouts": null,
            "user_data": "d6789d4db71fd5a53be01b1b2044df8d527b8025",
            "user_data_base64": null,
            "user_data_replace_on_change": false,
            "volume_tags": null,
            "vpc_security_group_ids": [
              "sg-01d844b44878f2b16"
            ]
          },
          "sensitive_attributes": [],
          "private": "eyJlMmJmYjczMC1lY2FhLTExZTYtOGY4OC0zNDM2M2JjN2M0YzAiOnsiY3JlYXRlIjo2MDAwMDAwMDAwMDAsImRlbGV0ZSI6MTIwMDAwMDAwMDAwMCwicmVhZCI6OTAwMDAwMDAwMDAwLCJ1cGRhdGUiOjYwMDAwMDAwMDAwMH0sInNjaGVtYV92ZXJzaW9uIjoiMSJ9",
          "dependencies": [
            "aws_iam_instance_profile.ec2_profile",
            "aws_iam_role.ec2_role",
            "aws_internet_gateway.concert",
            "aws_key_pair.deployer",
            "aws_security_group.ec2",
            "aws_subnet.public",
            "aws_vpc.concert",
            "data.aws_ami.ubuntu",
            "tls_private_key.generated"
          ]
        }
      ]
    },
    {
      "mode": "managed",
      "type": "aws_internet_gateway",
      "name": "concert",
      "provider": "provider[\"registry.terraform.io/hashicorp/aws\"]",
      "instances": [
        {
          "schema_version": 0,
          "attributes": {
            "arn": "arn:aws:ec2:us-east-1:161326240347:internet-gateway/igw-07a584016e4d631d7",
            "id": "igw-07a584016e4d631d7",
            "owner_id": "161326240347",
            "tags": {
              "Name": "concert-igw"
            },
            "tags_all": {
              "Environment": "dev",
              "ManagedBy": "Terraform",
              "Name": "concert-igw",
              "Project": "Concert"
            },
            "timeouts": null,
            "vpc_id": "vpc-077128945cf424869"
          },
          "sensitive_attributes": [],
          "private": "eyJlMmJmYjczMC1lY2FhLTExZTYtOGY4OC0zNDM2M2JjN2M0YzAiOnsiY3JlYXRlIjoxMjAwMDAwMDAwMDAwLCJkZWxldGUiOjEyMDAwMDAwMDAwMDAsInVwZGF0ZSI6MTIwMDAwMDAwMDAwMH19",
          "dependencies": [
            "aws_vpc.concert"
          ]
        }
      ]
    },
    {
      "mode": "managed",
      "type": "aws_key_pair",
      "name": "deployer",
      "provider": "provider[\"registry.terraform.io/hashicorp/aws\"]",
      "instances": [
        {
          "schema_version": 1,
          "attributes": {
            "arn": "arn:aws:ec2:us-east-1:161326240347:key-pair/concert-deployer-key",
            "fingerprint": "24:c4:f2:89:15:8b:50:08:73:d9:8c:f0:82:71:7b:35",
            "id": "concert-deployer-key",
            "key_name": "concert-deployer-key",
            "key_name_prefix": "",
            "key_pair_id": "key-0842ea67c748a459b",
            "key_type": "rsa",
            "public_key": "ssh-rsa AAAAB3NzaC1yc2EAAAADAQABAAACAQC28yf346I8g5vdlvlX8xRQrmTjmqo6ajbyEiuG5jRxu/otNA90zTz0J+IRtb0/pgO1MIDI4V42t2xaRa7CkXduRvk4yJc1EOVc+TQL/E18Or4jdvE3SjelVlcmxB5s/2i/3S/tU9kmNc9VTc+/yMeJ+emXGUDIUfCJcvKhUFH+4vAu8oXbXZqJqDr6WR/m00SUrh5S3cayZ/IVAamsjkK4GGUd2Hjo4EcZQm2ug8uOJdYaE3POAO9PtkqshhF2NSHzPwWcQNCbtKTSInDt0YI+1D4/Kbg/3RNFOOJcICg+JuxU4ApRW1TWU2uOUXl0qjOnu0mEbVAoyh9AXJGL5CAKXTtcDgIFSVPXe2AU2SxSV9YzR7c6kx/AUwf3UonaUkdO1UgF7K9vlQAbN13tbR5kOLnBIqa7tgRGWwxL0K51m/mk4GQXGLutRZCQsqoBjiu8MnQrDcIY5GVJm4/nadoMrXJoXnRBejNc4HnkZ5sfuuegahAX3HbuP330k+JY70bi45OyOpdPw0QzOIWVkqcbqLE5UwuyHvqbq/qI0PzWT92AFC2Y4o34ow/4jRrxrFnL/p/YE6tE3gb5ALVaNiDpfzaDqWyhR53y4EENd9k5z9YIqtPhPhh57UI7lqmR1gDVaC9MFI6uZqSrxyAHBMVKLtzop3eJAIG7RmPMi7Gwnw==",
            "tags": {
              "Name": "concert-deployer-key"
            },
            "tags_all": {
              "Environment": "dev",
              "ManagedBy": "Terraform",
              "Name": "concert-deployer-key",
              "Project": "Concert"
            }
          },
          "sensitive_attributes": [],
          "private": "eyJzY2hlbWFfdmVyc2lvbiI6IjEifQ==",
          "dependencies": [
            "tls_private_key.generated"
          ]
        }
      ]
    },
    {
      "mode": "managed",
      "type": "aws_nat_gateway",
      "name": "concert",
      "provider": "provider[\"registry.terraform.io/hashicorp/aws\"]",
      "instances": [
        {
          "index_key": 0,
          "schema_version": 0,
          "attributes": {
            "allocation_id": "eipalloc-0290a506a2b87a4d6",
            "association_id": "eipassoc-07f8ceeab92e2fb48",
            "connectivity_type": "public",
            "id": "nat-01ee39335ee5151f2",
            "network_interface_id": "eni-04383234f65cd2e67",
            "private_ip": "10.0.1.228",
            "public_ip": "52.7.60.65",
            "secondary_allocation_ids": null,
            "secondary_private_ip_address_count": 0,
            "secondary_private_ip_addresses": [],
            "subnet_id": "subnet-0cd8d035dcc0f09bb",
            "tags": {
              "Name": "concert-nat-1"
            },
            "tags_all": {
              "Environment": "dev",
              "ManagedBy": "Terraform",
              "Name": "concert-nat-1",
              "Project": "Concert"
            },
            "timeouts": null
          },
          "sensitive_attributes": [],
          "private": "eyJlMmJmYjczMC1lY2FhLTExZTYtOGY4OC0zNDM2M2JjN2M0YzAiOnsiY3JlYXRlIjo2MDAwMDAwMDAwMDAsImRlbGV0ZSI6MTgwMDAwMDAwMDAwMCwidXBkYXRlIjo2MDAwMDAwMDAwMDB9fQ==",
          "dependencies": [
            "aws_eip.nat",
            "aws_internet_gateway.concert",
            "aws_subnet.public",
            "aws_vpc.concert"
          ]
        },
        {
          "index_key": 1,
          "schema_version": 0,
          "attributes": {
            "allocation_id": "eipalloc-088969fa79557bf74",
            "association_id": "eipassoc-03e774054b88d8914",
            "connectivity_type": "public",
            "id": "nat-0a9330b9e3dd90ec1",
            "network_interface_id": "eni-04f675c2b0c3262fd",
            "private_ip": "10.0.2.154",
            "public_ip": "54.161.249.248",
            "secondary_allocation_ids": null,
            "secondary_private_ip_address_count": 0,
            "secondary_private_ip_addresses": [],
            "subnet_id": "subnet-0de3021d9d1acc442",
            "tags": {
              "Name": "concert-nat-2"
            },
            "tags_all": {
              "Environment": "dev",
              "ManagedBy": "Terraform",
              "Name": "concert-nat-2",
              "Project": "Concert"
            },
            "timeouts": null
          },
          "sensitive_attributes": [],
          "private": "eyJlMmJmYjczMC1lY2FhLTExZTYtOGY4OC0zNDM2M2JjN2M0YzAiOnsiY3JlYXRlIjo2MDAwMDAwMDAwMDAsImRlbGV0ZSI6MTgwMDAwMDAwMDAwMCwidXBkYXRlIjo2MDAwMDAwMDAwMDB9fQ==",
          "dependencies": [
            "aws_eip.nat",
            "aws_internet_gateway.concert",
            "aws_subnet.public",
            "aws_vpc.concert"
          ]
        }
      ]
    },
    {
      "mode": "managed",
      "type": "aws_route_table",
      "name": "private",
      "provider": "provider[\"registry.terraform.io/hashicorp/aws\"]",
      "instances": [
        {
          "index_key": 0,
          "schema_version": 0,
          "attributes": {
            "arn": "arn:aws:ec2:us-east-1:161326240347:route-table/rtb-0fe5503e9ad49acfb",
            "id": "rtb-0fe5503e9ad49acfb",
            "owner_id": "161326240347",
            "propagating_vgws": [],
            "route": [
              {
                "carrier_gateway_id": "",
                "cidr_block": "0.0.0.0/0",
                "core_network_arn": "",
                "destination_prefix_list_id": "",
                "egress_only_gateway_id": "",
                "gateway_id": "",
                "ipv6_cidr_block": "",
                "local_gateway_id": "",
                "nat_gateway_id": "nat-01ee39335ee5151f2",
                "network_interface_id": "",
                "transit_gateway_id": "",
                "vpc_endpoint_id": "",
                "vpc_peering_connection_id": ""
              }
            ],
            "tags": {
              "Name": "concert-private-rt-1"
            },
            "tags_all": {
              "Environment": "dev",
              "ManagedBy": "Terraform",
              "Name": "concert-private-rt-1",
              "Project": "Concert"
            },
            "timeouts": null,
            "vpc_id": "vpc-077128945cf424869"
          },
          "sensitive_attributes": [],
          "private": "eyJlMmJmYjczMC1lY2FhLTExZTYtOGY4OC0zNDM2M2JjN2M0YzAiOnsiY3JlYXRlIjozMDAwMDAwMDAwMDAsImRlbGV0ZSI6MzAwMDAwMDAwMDAwLCJ1cGRhdGUiOjEyMDAwMDAwMDAwMH19",
          "dependencies": [
            "aws_eip.nat",
            "aws_internet_gateway.concert",
            "aws_nat_gateway.concert",
            "aws_subnet.public",
            "aws_vpc.concert"
          ]
        },
        {
          "index_key": 1,
          "schema_version": 0,
          "attributes": {
            "arn": "arn:aws:ec2:us-east-1:161326240347:route-table/rtb-04cf5df1721a0821c",
            "id": "rtb-04cf5df1721a0821c",
            "owner_id": "161326240347",
            "propagating_vgws": [],
            "route": [
              {
                "carrier_gateway_id": "",
                "cidr_block": "0.0.0.0/0",
                "core_network_arn": "",
                "destination_prefix_list_id": "",
                "egress_only_gateway_id": "",
                "gateway_id": "",
                "ipv6_cidr_block": "",
                "local_gateway_id": "",
                "nat_gateway_id": "nat-0a9330b9e3dd90ec1",
                "network_interface_id": "",
                "transit_gateway_id": "",
                "vpc_endpoint_id": "",
                "vpc_peering_connection_id": ""
              }
            ],
            "tags": {
              "Name": "concert-private-rt-2"
            },
            "tags_all": {
              "Environment": "dev",
              "ManagedBy": "Terraform",
              "Name": "concert-private-rt-2",
              "Project": "Concert"
            },
            "timeouts": null,
            "vpc_id": "vpc-077128945cf424869"
          },
          "sensitive_attributes": [],
          "private": "eyJlMmJmYjczMC1lY2FhLTExZTYtOGY4OC0zNDM2M2JjN2M0YzAiOnsiY3JlYXRlIjozMDAwMDAwMDAwMDAsImRlbGV0ZSI6MzAwMDAwMDAwMDAwLCJ1cGRhdGUiOjEyMDAwMDAwMDAwMH19",
          "dependencies": [
            "aws_eip.nat",
            "aws_internet_gateway.concert",
            "aws_nat_gateway.concert",
            "aws_subnet.public",
            "aws_vpc.concert"
          ]
        }
      ]
    },
    {
      "mode": "managed",
      "type": "aws_route_table",
      "name": "public",
      "provider": "provider[\"registry.terraform.io/hashicorp/aws\"]",
      "instances": [
        {
          "schema_version": 0,
          "attributes": {
            "arn": "arn:aws:ec2:us-east-1:161326240347:route-table/rtb-07e0ada21977e69fa",
            "id": "rtb-07e0ada21977e69fa",
            "owner_id": "161326240347",
            "propagating_vgws": [],
            "route": [
              {
                "carrier_gateway_id": "",
                "cidr_block": "0.0.0.0/0",
                "core_network_arn": "",
                "destination_prefix_list_id": "",
                "egress_only_gateway_id": "",
                "gateway_id": "igw-07a584016e4d631d7",
                "ipv6_cidr_block": "",
                "local_gateway_id": "",
                "nat_gateway_id": "",
                "network_interface_id": "",
                "transit_gateway_id": "",
                "vpc_endpoint_id": "",
                "vpc_peering_connection_id": ""
              }
            ],
            "tags": {
              "Name": "concert-public-rt"
            },
            "tags_all": {
              "Environment": "dev",
              "ManagedBy": "Terraform",
              "Name": "concert-public-rt",
              "Project": "Concert"
            },
            "timeouts": null,
            "vpc_id": "vpc-077128945cf424869"
          },
          "sensitive_attributes": [],
          "private": "eyJlMmJmYjczMC1lY2FhLTExZTYtOGY4OC0zNDM2M2JjN2M0YzAiOnsiY3JlYXRlIjozMDAwMDAwMDAwMDAsImRlbGV0ZSI6MzAwMDAwMDAwMDAwLCJ1cGRhdGUiOjEyMDAwMDAwMDAwMH19",
          "dependencies": [
            "aws_internet_gateway.concert",
            "aws_vpc.concert"
          ]
        }
      ]
    },
    {
      "mode": "managed",
      "type": "aws_route_table_association",
      "name": "private",
      "provider": "provider[\"registry.terraform.io/hashicorp/aws\"]",
      "instances": [
        {
          "index_key": 0,
          "schema_version": 0,
          "attributes": {
            "gateway_id": "",
            "id": "rtbassoc-0281347b56486d3e1",
            "route_table_id": "rtb-0fe5503e9ad49acfb",
            "subnet_id": "subnet-05be23bd047c8e44c",
            "timeouts": null
          },
          "sensitive_attributes": [],
          "private": "eyJlMmJmYjczMC1lY2FhLTExZTYtOGY4OC0zNDM2M2JjN2M0YzAiOnsiY3JlYXRlIjozMDAwMDAwMDAwMDAsImRlbGV0ZSI6MzAwMDAwMDAwMDAwLCJ1cGRhdGUiOjEyMDAwMDAwMDAwMH19",
          "dependencies": [
            "aws_eip.nat",
            "aws_internet_gateway.concert",
            "aws_nat_gateway.concert",
            "aws_route_table.private",
            "aws_subnet.private",
            "aws_subnet.public",
            "aws_vpc.concert"
          ]
        },
        {
          "index_key": 1,
          "schema_version": 0,
          "attributes": {
            "gateway_id": "",
            "id": "rtbassoc-0cb7b96c131500f2a",
            "route_table_id": "rtb-04cf5df1721a0821c",
            "subnet_id": "subnet-0669840a38656fec1",
            "timeouts": null
          },
          "sensitive_attributes": [],
          "private": "eyJlMmJmYjczMC1lY2FhLTExZTYtOGY4OC0zNDM2M2JjN2M0YzAiOnsiY3JlYXRlIjozMDAwMDAwMDAwMDAsImRlbGV0ZSI6MzAwMDAwMDAwMDAwLCJ1cGRhdGUiOjEyMDAwMDAwMDAwMH19",
          "dependencies": [
            "aws_eip.nat",
            "aws_internet_gateway.concert",
            "aws_nat_gateway.concert",
            "aws_route_table.private",
            "aws_subnet.private",
            "aws_subnet.public",
            "aws_vpc.concert"
          ]
        }
      ]
    },
    {
      "mode": "managed",
      "type": "aws_route_table_association",
      "name": "public",
      "provider": "provider[\"registry.terraform.io/hashicorp/aws\"]",
      "instances": [
        {
          "index_key": 0,
          "schema_version": 0,
          "attributes": {
            "gateway_id": "",
            "id": "rtbassoc-049fe6d433016984e",
            "route_table_id": "rtb-07e0ada21977e69fa",
            "subnet_id": "subnet-0cd8d035dcc0f09bb",
            "timeouts": null
          },
          "sensitive_attributes": [],
          "private": "eyJlMmJmYjczMC1lY2FhLTExZTYtOGY4OC0zNDM2M2JjN2M0YzAiOnsiY3JlYXRlIjozMDAwMDAwMDAwMDAsImRlbGV0ZSI6MzAwMDAwMDAwMDAwLCJ1cGRhdGUiOjEyMDAwMDAwMDAwMH19",
          "dependencies": [
            "aws_internet_gateway.concert",
            "aws_route_table.public",
            "aws_subnet.public",
            "aws_vpc.concert"
          ]
        },
        {
          "index_key": 1,
          "schema_version": 0,
          "attributes": {
            "gateway_id": "",
            "id": "rtbassoc-052f5ae6acee072c3",
            "route_table_id": "rtb-07e0ada21977e69fa",
            "subnet_id": "subnet-0de3021d9d1acc442",
            "timeouts": null
          },
          "sensitive_attributes": [],
          "private": "eyJlMmJmYjczMC1lY2FhLTExZTYtOGY4OC0zNDM2M2JjN2M0YzAiOnsiY3JlYXRlIjozMDAwMDAwMDAwMDAsImRlbGV0ZSI6MzAwMDAwMDAwMDAwLCJ1cGRhdGUiOjEyMDAwMDAwMDAwMH19",
          "dependencies": [
            "aws_internet_gateway.concert",
            "aws_route_table.public",
            "aws_subnet.public",
            "aws_vpc.concert"
          ]
        }
      ]
    },
    {
      "mode": "managed",
      "type": "aws_s3_bucket",
      "name": "frontend_site",
      "provider": "provider[\"registry.terraform.io/hashicorp/aws\"]",
      "instances": [
        {
          "schema_version": 0,
          "attributes": {
            "acceleration_status": "",
            "acl": null,
            "arn": "arn:aws:s3:::concert-dev-frontend-d453b7db",
            "bucket": "concert-dev-frontend-d453b7db",
            "bucket_domain_name": "concert-dev-frontend-d453b7db.s3.amazonaws.com",
            "bucket_prefix": "",
            "bucket_regional_domain_name": "concert-dev-frontend-d453b7db.s3.us-east-1.amazonaws.com",
            "cors_rule": [],
            "force_destroy": true,
            "grant": [
              {
                "id": "15317f36722970ba122291274078ee11e7ae3a04cfd0fe38fa1686a31ed7153b",
                "permissions": [
                  "FULL_CONTROL"
                ],
                "type": "CanonicalUser",
                "uri": ""
              }
            ],
            "hosted_zone_id": "Z3AQBSTGFYJSTF",
            "id": "concert-dev-frontend-d453b7db",
            "lifecycle_rule": [],
            "logging": [],
            "object_lock_configuration": [],
            "object_lock_enabled": false,
            "policy": "",
            "region": "us-east-1",
            "replication_configuration": [],
            "request_payer": "BucketOwner",
            "server_side_encryption_configuration": [
              {
                "rule": [
                  {
                    "apply_server_side_encryption_by_default": [
                      {
                        "kms_master_key_id": "",
                        "sse_algorithm": "AES256"
                      }
                    ],
                    "bucket_key_enabled": false
                  }
                ]
              }
            ],
            "tags": {
              "Name": "concert-frontend-bucket"
            },
            "tags_all": {
              "Environment": "dev",
              "ManagedBy": "Terraform",
              "Name": "concert-frontend-bucket",
              "Project": "Concert"
            },
            "timeouts": null,
            "versioning": [
              {
                "enabled": false,
                "mfa_delete": false
              }
            ],
            "website": [
              {
                "error_document": "index.html",
                "index_document": "index.html",
                "redirect_all_requests_to": "",
                "routing_rules": ""
              }
            ],
            "website_domain": "s3-website-us-east-1.amazonaws.com",
            "website_endpoint": "concert-dev-frontend-d453b7db.s3-website-us-east-1.amazonaws.com"
          },
          "sensitive_attributes": [],
          "private": "eyJlMmJmYjczMC1lY2FhLTExZTYtOGY4OC0zNDM2M2JjN2M0YzAiOnsiY3JlYXRlIjoxMjAwMDAwMDAwMDAwLCJkZWxldGUiOjM2MDAwMDAwMDAwMDAsInJlYWQiOjEyMDAwMDAwMDAwMDAsInVwZGF0ZSI6MTIwMDAwMDAwMDAwMH19",
          "dependencies": [
            "random_id.bucket_suffix"
          ]
        }
      ]
    },
    {
      "mode": "managed",
      "type": "aws_s3_bucket_acl",
      "name": "frontend_acl",
      "provider": "provider[\"registry.terraform.io/hashicorp/aws\"]",
      "instances": [
        {
          "schema_version": 0,
          "attributes": {
            "access_control_policy": [
              {
                "grant": [
                  {
                    "grantee": [
                      {
                        "display_name": "",
                        "email_address": "",
                        "id": "",
                        "type": "Group",
                        "uri": "http://acs.amazonaws.com/groups/global/AllUsers"
                      }
                    ],
                    "permission": "READ"
                  },
                  {
                    "grantee": [
                      {
                        "display_name": "",
                        "email_address": "",
                        "id": "15317f36722970ba122291274078ee11e7ae3a04cfd0fe38fa1686a31ed7153b",
                        "type": "CanonicalUser",
                        "uri": ""
                      }
                    ],
                    "permission": "FULL_CONTROL"
                  }
                ],
                "owner": [
                  {
                    "display_name": "",
                    "id": "15317f36722970ba122291274078ee11e7ae3a04cfd0fe38fa1686a31ed7153b"
                  }
                ]
              }
            ],
            "acl": "public-read",
            "bucket": "concert-dev-frontend-d453b7db",
            "expected_bucket_owner": "",
            "id": "concert-dev-frontend-d453b7db,public-read"
          },
          "sensitive_attributes": [],
          "private": "bnVsbA==",
          "dependencies": [
            "aws_s3_bucket.frontend_site",
            "aws_s3_bucket_ownership_controls.frontend",
            "aws_s3_bucket_public_access_block.frontend",
            "random_id.bucket_suffix"
          ]
        }
      ]
    },
    {
      "mode": "managed",
      "type": "aws_s3_bucket_ownership_controls",
      "name": "frontend",
      "provider": "provider[\"registry.terraform.io/hashicorp/aws\"]",
      "instances": [
        {
          "schema_version": 0,
          "attributes": {
            "bucket": "concert-dev-frontend-d453b7db",
            "id": "concert-dev-frontend-d453b7db",
            "rule": [
              {
                "object_ownership": "BucketOwnerPreferred"
              }
            ]
          },
          "sensitive_attributes": [],
          "private": "bnVsbA==",
          "dependencies": [
            "aws_s3_bucket.frontend_site",
            "aws_s3_bucket_public_access_block.frontend",
            "random_id.bucket_suffix"
          ]
        }
      ]
    },
    {
      "mode": "managed",
      "type": "aws_s3_bucket_policy",
      "name": "frontend_policy",
      "provider": "provider[\"registry.terraform.io/hashicorp/aws\"]",
      "instances": [
        {
          "schema_version": 0,
          "attributes": {
            "bucket": "concert-dev-frontend-d453b7db",
            "id": "concert-dev-frontend-d453b7db",
            "policy": "{\"Statement\":[{\"Action\":[\"s3:GetObject\"],\"Effect\":\"Allow\",\"Principal\":\"*\",\"Resource\":\"arn:aws:s3:::concert-dev-frontend-d453b7db/*\",\"Sid\":\"PublicReadGetObject\"}],\"Version\":\"2012-10-17\"}"
          },
          "sensitive_attributes": [],
          "private": "bnVsbA==",
          "dependencies": [
            "aws_s3_bucket.frontend_site",
            "aws_s3_bucket_public_access_block.frontend",
            "random_id.bucket_suffix"
          ]
        }
      ]
    },
    {
      "mode": "managed",
      "type": "aws_s3_bucket_public_access_block",
      "name": "frontend",
      "provider": "provider[\"registry.terraform.io/hashicorp/aws\"]",
      "instances": [
        {
          "schema_version": 0,
          "attributes": {
            "block_public_acls": false,
            "block_public_policy": false,
            "bucket": "concert-dev-frontend-d453b7db",
            "id": "concert-dev-frontend-d453b7db",
            "ignore_public_acls": false,
            "restrict_public_buckets": false
          },
          "sensitive_attributes": [],
          "private": "bnVsbA==",
          "dependencies": [
            "aws_s3_bucket.frontend_site",
            "random_id.bucket_suffix"
          ]
        }
      ]
    },
    {
      "mode": "managed",
      "type": "aws_secretsmanager_secret",
      "name": "db_password",
      "provider": "provider[\"registry.terraform.io/hashicorp/aws\"]",
      "instances": [
        {
          "schema_version": 0,
          "attributes": {
            "arn": "arn:aws:secretsmanager:us-east-1:161326240347:secret:concert/rds/password-2025-10-30-0400-PkJp1Y",
            "description": "",
            "force_overwrite_replica_secret": false,
            "id": "arn:aws:secretsmanager:us-east-1:161326240347:secret:concert/rds/password-2025-10-30-0400-PkJp1Y",
            "kms_key_id": "",
            "name": "concert/rds/password-2025-10-30-0400",
            "name_prefix": "",
            "policy": "",
            "recovery_window_in_days": 7,
            "replica": [],
            "tags": {
              "Name": "concert-rds-password"
            },
            "tags_all": {
              "Environment": "dev",
              "ManagedBy": "Terraform",
              "Name": "concert-rds-password",
              "Project": "Concert"
            }
          },
          "sensitive_attributes": [],
          "private": "bnVsbA=="
        }
      ]
    },
    {
      "mode": "managed",
      "type": "aws_secretsmanager_secret_version",
      "name": "db_password",
      "provider": "provider[\"registry.terraform.io/hashicorp/aws\"]",
      "instances": [
        {
          "schema_version": 0,
          "attributes": {
            "arn": "arn:aws:secretsmanager:us-east-1:161326240347:secret:concert/rds/password-2025-10-30-0400-PkJp1Y",
            "has_secret_string_wo": null,
            "id": "arn:aws:secretsmanager:us-east-1:161326240347:secret:concert/rds/password-2025-10-30-0400-PkJp1Y|terraform-20251030040046090700000002",
            "secret_binary": "",
            "secret_id": "arn:aws:secretsmanager:us-east-1:161326240347:secret:concert/rds/password-2025-10-30-0400-PkJp1Y",
            "secret_string": "{\"password\":\"ChangeMe123!\",\"username\":\"concert_user\"}",
            "secret_string_wo": null,
            "secret_string_wo_version": null,
            "version_id": "terraform-20251030040046090700000002",
            "version_stages": [
              "AWSCURRENT"
            ]
          },
          "sensitive_attributes": [
            [
              {
                "type": "get_attr",
                "value": "secret_string"
              }
            ]
          ],
          "private": "bnVsbA==",
          "dependencies": [
            "aws_secretsmanager_secret.db_password"
          ]
        }
      ]
    },
    {
      "mode": "managed",
      "type": "aws_security_group",
      "name": "alb",
      "provider": "provider[\"registry.terraform.io/hashicorp/aws\"]",
      "instances": [
        {
          "schema_version": 1,
          "attributes": {
            "arn": "arn:aws:ec2:us-east-1:161326240347:security-group/sg-084bc393050b09562",
            "description": "Security group for ALB",
            "egress": [
              {
                "cidr_blocks": [
                  "0.0.0.0/0"
                ],
                "description": "",
                "from_port": 0,
                "ipv6_cidr_blocks": [],
                "prefix_list_ids": [],
                "protocol": "-1",
                "security_groups": [],
                "self": false,
                "to_port": 0
              }
            ],
            "id": "sg-084bc393050b09562",
            "ingress": [
              {
                "cidr_blocks": [
                  "0.0.0.0/0"
                ],
                "description": "",
                "from_port": 443,
                "ipv6_cidr_blocks": [],
                "prefix_list_ids": [],
                "protocol": "tcp",
                "security_groups": [],
                "self": false,
                "to_port": 443
              },
              {
                "cidr_blocks": [
                  "0.0.0.0/0"
                ],
                "description": "",
                "from_port": 80,
                "ipv6_cidr_blocks": [],
                "prefix_list_ids": [],
                "protocol": "tcp",
                "security_groups": [],
                "self": false,
                "to_port": 80
              }
            ],
            "name": "concert-alb-sg",
            "name_prefix": "",
            "owner_id": "161326240347",
            "revoke_rules_on_delete": false,
            "tags": {
              "Name": "concert-alb-sg"
            },
            "tags_all": {
              "Environment": "dev",
              "ManagedBy": "Terraform",
              "Name": "concert-alb-sg",
              "Project": "Concert"
            },
            "timeouts": null,
            "vpc_id": "vpc-077128945cf424869"
          },
          "sensitive_attributes": [],
          "private": "eyJlMmJmYjczMC1lY2FhLTExZTYtOGY4OC0zNDM2M2JjN2M0YzAiOnsiY3JlYXRlIjo2MDAwMDAwMDAwMDAsImRlbGV0ZSI6OTAwMDAwMDAwMDAwfSwic2NoZW1hX3ZlcnNpb24iOiIxIn0=",
          "dependencies": [
            "aws_vpc.concert"
          ]
        }
      ]
    },
    {
      "mode": "managed",
      "type": "aws_security_group",
      "name": "ec2",
      "provider": "provider[\"registry.terraform.io/hashicorp/aws\"]",
      "instances": [
        {
          "schema_version": 1,
          "attributes": {
            "arn": "arn:aws:ec2:us-east-1:161326240347:security-group/sg-01d844b44878f2b16",
            "description": "Security group for Concert EC2 instances",
            "egress": [
              {
                "cidr_blocks": [
                  "0.0.0.0/0"
                ],
                "description": "",
                "from_port": 0,
                "ipv6_cidr_blocks": [],
                "prefix_list_ids": [],
                "protocol": "-1",
                "security_groups": [],
                "self": false,
                "to_port": 0
              }
            ],
            "id": "sg-01d844b44878f2b16",
            "ingress": [
              {
                "cidr_blocks": [
                  "0.0.0.0/0"
                ],
                "description": "",
                "from_port": 22,
                "ipv6_cidr_blocks": [],
                "prefix_list_ids": [],
                "protocol": "tcp",
                "security_groups": [],
                "self": false,
                "to_port": 22
              },
              {
                "cidr_blocks": [
                  "0.0.0.0/0"
                ],
                "description": "",
                "from_port": 3000,
                "ipv6_cidr_blocks": [],
                "prefix_list_ids": [],
                "protocol": "tcp",
                "security_groups": [],
                "self": false,
                "to_port": 3000
              },
              {
                "cidr_blocks": [
                  "0.0.0.0/0"
                ],
                "description": "",
                "from_port": 443,
                "ipv6_cidr_blocks": [],
                "prefix_list_ids": [],
                "protocol": "tcp",
                "security_groups": [],
                "self": false,
                "to_port": 443
              },
              {
                "cidr_blocks": [
                  "0.0.0.0/0"
                ],
                "description": "",
                "from_port": 8080,
                "ipv6_cidr_blocks": [],
                "prefix_list_ids": [],
                "protocol": "tcp",
                "security_groups": [],
                "self": false,
                "to_port": 8080
              },
              {
                "cidr_blocks": [
                  "0.0.0.0/0"
                ],
                "description": "",
                "from_port": 80,
                "ipv6_cidr_blocks": [],
                "prefix_list_ids": [],
                "protocol": "tcp",
                "security_groups": [],
                "self": false,
                "to_port": 80
              },
              {
                "cidr_blocks": [
                  "10.0.0.0/16"
                ],
                "description": "",
                "from_port": 5000,
                "ipv6_cidr_blocks": [],
                "prefix_list_ids": [],
                "protocol": "tcp",
                "security_groups": [],
                "self": false,
                "to_port": 5000
              }
            ],
            "name": "concert-ec2-sg",
            "name_prefix": "",
            "owner_id": "161326240347",
            "revoke_rules_on_delete": false,
            "tags": {
              "Name": "concert-ec2-sg"
            },
            "tags_all": {
              "Environment": "dev",
              "ManagedBy": "Terraform",
              "Name": "concert-ec2-sg",
              "Project": "Concert"
            },
            "timeouts": null,
            "vpc_id": "vpc-077128945cf424869"
          },
          "sensitive_attributes": [],
          "private": "eyJlMmJmYjczMC1lY2FhLTExZTYtOGY4OC0zNDM2M2JjN2M0YzAiOnsiY3JlYXRlIjo2MDAwMDAwMDAwMDAsImRlbGV0ZSI6OTAwMDAwMDAwMDAwfSwic2NoZW1hX3ZlcnNpb24iOiIxIn0=",
          "dependencies": [
            "aws_vpc.concert"
          ]
        }
      ]
    },
    {
      "mode": "managed",
      "type": "aws_security_group",
      "name": "ecs_tasks",
      "provider": "provider[\"registry.terraform.io/hashicorp/aws\"]",
      "instances": [
        {
          "schema_version": 1,
          "attributes": {
            "arn": "arn:aws:ec2:us-east-1:161326240347:security-group/sg-0c5235ced34e7871a",
            "description": "Security group for ECS tasks",
            "egress": [
              {
                "cidr_blocks": [
                  "0.0.0.0/0"
                ],
                "description": "",
                "from_port": 0,
                "ipv6_cidr_blocks": [],
                "prefix_list_ids": [],
                "protocol": "-1",
                "security_groups": [],
                "self": false,
                "to_port": 0
              }
            ],
            "id": "sg-0c5235ced34e7871a",
            "ingress": [
              {
                "cidr_blocks": [
                  "10.0.0.0/16"
                ],
                "description": "",
                "from_port": 3306,
                "ipv6_cidr_blocks": [],
                "prefix_list_ids": [],
                "protocol": "tcp",
                "security_groups": [],
                "self": false,
                "to_port": 3306
              },
              {
                "cidr_blocks": [],
                "description": "",
                "from_port": 0,
                "ipv6_cidr_blocks": [],
                "prefix_list_ids": [],
                "protocol": "tcp",
                "security_groups": [
                  "sg-084bc393050b09562"
                ],
                "self": false,
                "to_port": 65535
              }
            ],
            "name": "concert-ecs-tasks-sg",
            "name_prefix": "",
            "owner_id": "161326240347",
            "revoke_rules_on_delete": false,
            "tags": {
              "Name": "concert-ecs-tasks-sg"
            },
            "tags_all": {
              "Environment": "dev",
              "ManagedBy": "Terraform",
              "Name": "concert-ecs-tasks-sg",
              "Project": "Concert"
            },
            "timeouts": null,
            "vpc_id": "vpc-077128945cf424869"
          },
          "sensitive_attributes": [],
          "private": "eyJlMmJmYjczMC1lY2FhLTExZTYtOGY4OC0zNDM2M2JjN2M0YzAiOnsiY3JlYXRlIjo2MDAwMDAwMDAwMDAsImRlbGV0ZSI6OTAwMDAwMDAwMDAwfSwic2NoZW1hX3ZlcnNpb24iOiIxIn0=",
          "dependencies": [
            "aws_security_group.alb",
            "aws_vpc.concert"
          ]
        }
      ]
    },
    {
      "mode": "managed",
      "type": "aws_security_group",
      "name": "rds",
      "provider": "provider[\"registry.terraform.io/hashicorp/aws\"]",
      "instances": [
        {
          "schema_version": 1,
          "attributes": {
            "arn": "arn:aws:ec2:us-east-1:161326240347:security-group/sg-0677bb94792bb564e",
            "description": "Security group for RDS MySQL",
            "egress": [
              {
                "cidr_blocks": [
                  "0.0.0.0/0"
                ],
                "description": "",
                "from_port": 0,
                "ipv6_cidr_blocks": [],
                "prefix_list_ids": [],
                "protocol": "-1",
                "security_groups": [],
                "self": false,
                "to_port": 0
              }
            ],
            "id": "sg-0677bb94792bb564e",
            "ingress": [
              {
                "cidr_blocks": [],
                "description": "",
                "from_port": 3306,
                "ipv6_cidr_blocks": [],
                "prefix_list_ids": [],
                "protocol": "tcp",
                "security_groups": [
                  "sg-0c5235ced34e7871a"
                ],
                "self": false,
                "to_port": 3306
              }
            ],
            "name": "concert-rds-sg",
            "name_prefix": "",
            "owner_id": "161326240347",
            "revoke_rules_on_delete": false,
            "tags": {
              "Name": "concert-rds-sg"
            },
            "tags_all": {
              "Environment": "dev",
              "ManagedBy": "Terraform",
              "Name": "concert-rds-sg",
              "Project": "Concert"
            },
            "timeouts": null,
            "vpc_id": "vpc-077128945cf424869"
          },
          "sensitive_attributes": [],
          "private": "eyJlMmJmYjczMC1lY2FhLTExZTYtOGY4OC0zNDM2M2JjN2M0YzAiOnsiY3JlYXRlIjo2MDAwMDAwMDAwMDAsImRlbGV0ZSI6OTAwMDAwMDAwMDAwfSwic2NoZW1hX3ZlcnNpb24iOiIxIn0=",
          "dependencies": [
            "aws_security_group.alb",
            "aws_security_group.ecs_tasks",
            "aws_vpc.concert"
          ]
        }
      ]
    },
    {
      "mode": "managed",
      "type": "aws_subnet",
      "name": "private",
      "provider": "provider[\"registry.terraform.io/hashicorp/aws\"]",
      "instances": [
        {
          "index_key": 0,
          "schema_version": 1,
          "attributes": {
            "arn": "arn:aws:ec2:us-east-1:161326240347:subnet/subnet-05be23bd047c8e44c",
            "assign_ipv6_address_on_creation": false,
            "availability_zone": "us-east-1a",
            "availability_zone_id": "use1-az1",
            "cidr_block": "10.0.11.0/24",
            "customer_owned_ipv4_pool": "",
            "enable_dns64": false,
            "enable_lni_at_device_index": 0,
            "enable_resource_name_dns_a_record_on_launch": false,
            "enable_resource_name_dns_aaaa_record_on_launch": false,
            "id": "subnet-05be23bd047c8e44c",
            "ipv6_cidr_block": "",
            "ipv6_cidr_block_association_id": "",
            "ipv6_native": false,
            "map_customer_owned_ip_on_launch": false,
            "map_public_ip_on_launch": false,
            "outpost_arn": "",
            "owner_id": "161326240347",
            "private_dns_hostname_type_on_launch": "ip-name",
            "tags": {
              "Name": "concert-private-subnet-1"
            },
            "tags_all": {
              "Environment": "dev",
              "ManagedBy": "Terraform",
              "Name": "concert-private-subnet-1",
              "Project": "Concert"
            },
            "timeouts": null,
            "vpc_id": "vpc-077128945cf424869"
          },
          "sensitive_attributes": [],
          "private": "eyJlMmJmYjczMC1lY2FhLTExZTYtOGY4OC0zNDM2M2JjN2M0YzAiOnsiY3JlYXRlIjo2MDAwMDAwMDAwMDAsImRlbGV0ZSI6MTIwMDAwMDAwMDAwMH0sInNjaGVtYV92ZXJzaW9uIjoiMSJ9",
          "dependencies": [
            "aws_vpc.concert"
          ]
        },
        {
          "index_key": 1,
          "schema_version": 1,
          "attributes": {
            "arn": "arn:aws:ec2:us-east-1:161326240347:subnet/subnet-0669840a38656fec1",
            "assign_ipv6_address_on_creation": false,
            "availability_zone": "us-east-1b",
            "availability_zone_id": "use1-az2",
            "cidr_block": "10.0.12.0/24",
            "customer_owned_ipv4_pool": "",
            "enable_dns64": false,
            "enable_lni_at_device_index": 0,
            "enable_resource_name_dns_a_record_on_launch": false,
            "enable_resource_name_dns_aaaa_record_on_launch": false,
            "id": "subnet-0669840a38656fec1",
            "ipv6_cidr_block": "",
            "ipv6_cidr_block_association_id": "",
            "ipv6_native": false,
            "map_customer_owned_ip_on_launch": false,
            "map_public_ip_on_launch": false,
            "outpost_arn": "",
            "owner_id": "161326240347",
            "private_dns_hostname_type_on_launch": "ip-name",
            "tags": {
              "Name": "concert-private-subnet-2"
            },
            "tags_all": {
              "Environment": "dev",
              "ManagedBy": "Terraform",
              "Name": "concert-private-subnet-2",
              "Project": "Concert"
            },
            "timeouts": null,
            "vpc_id": "vpc-077128945cf424869"
          },
          "sensitive_attributes": [],
          "private": "eyJlMmJmYjczMC1lY2FhLTExZTYtOGY4OC0zNDM2M2JjN2M0YzAiOnsiY3JlYXRlIjo2MDAwMDAwMDAwMDAsImRlbGV0ZSI6MTIwMDAwMDAwMDAwMH0sInNjaGVtYV92ZXJzaW9uIjoiMSJ9",
          "dependencies": [
            "aws_vpc.concert"
          ]
        }
      ]
    },
    {
      "mode": "managed",
      "type": "aws_subnet",
      "name": "public",
      "provider": "provider[\"registry.terraform.io/hashicorp/aws\"]",
      "instances": [
        {
          "index_key": 0,
          "schema_version": 1,
          "attributes": {
            "arn": "arn:aws:ec2:us-east-1:161326240347:subnet/subnet-0cd8d035dcc0f09bb",
            "assign_ipv6_address_on_creation": false,
            "availability_zone": "us-east-1a",
            "availability_zone_id": "use1-az1",
            "cidr_block": "10.0.1.0/24",
            "customer_owned_ipv4_pool": "",
            "enable_dns64": false,
            "enable_lni_at_device_index": 0,
            "enable_resource_name_dns_a_record_on_launch": false,
            "enable_resource_name_dns_aaaa_record_on_launch": false,
            "id": "subnet-0cd8d035dcc0f09bb",
            "ipv6_cidr_block": "",
            "ipv6_cidr_block_association_id": "",
            "ipv6_native": false,
            "map_customer_owned_ip_on_launch": false,
            "map_public_ip_on_launch": true,
            "outpost_arn": "",
            "owner_id": "161326240347",
            "private_dns_hostname_type_on_launch": "ip-name",
            "tags": {
              "Name": "concert-public-subnet-1"
            },
            "tags_all": {
              "Environment": "dev",
              "ManagedBy": "Terraform",
              "Name": "concert-public-subnet-1",
              "Project": "Concert"
            },
            "timeouts": null,
            "vpc_id": "vpc-077128945cf424869"
          },
          "sensitive_attributes": [],
          "private": "eyJlMmJmYjczMC1lY2FhLTExZTYtOGY4OC0zNDM2M2JjN2M0YzAiOnsiY3JlYXRlIjo2MDAwMDAwMDAwMDAsImRlbGV0ZSI6MTIwMDAwMDAwMDAwMH0sInNjaGVtYV92ZXJzaW9uIjoiMSJ9",
          "dependencies": [
            "aws_vpc.concert"
          ]
        },
        {
          "index_key": 1,
          "schema_version": 1,
          "attributes": {
            "arn": "arn:aws:ec2:us-east-1:161326240347:subnet/subnet-0de3021d9d1acc442",
            "assign_ipv6_address_on_creation": false,
            "availability_zone": "us-east-1b",
            "availability_zone_id": "use1-az2",
            "cidr_block": "10.0.2.0/24",
            "customer_owned_ipv4_pool": "",
            "enable_dns64": false,
            "enable_lni_at_device_index": 0,
            "enable_resource_name_dns_a_record_on_launch": false,
            "enable_resource_name_dns_aaaa_record_on_launch": false,
            "id": "subnet-0de3021d9d1acc442",
            "ipv6_cidr_block": "",
            "ipv6_cidr_block_association_id": "",
            "ipv6_native": false,
            "map_customer_owned_ip_on_launch": false,
            "map_public_ip_on_launch": true,
            "outpost_arn": "",
            "owner_id": "161326240347",
            "private_dns_hostname_type_on_launch": "ip-name",
            "tags": {
              "Name": "concert-public-subnet-2"
            },
            "tags_all": {
              "Environment": "dev",
              "ManagedBy": "Terraform",
              "Name": "concert-public-subnet-2",
              "Project": "Concert"
            },
            "timeouts": null,
            "vpc_id": "vpc-077128945cf424869"
          },
          "sensitive_attributes": [],
          "private": "eyJlMmJmYjczMC1lY2FhLTExZTYtOGY4OC0zNDM2M2JjN2M0YzAiOnsiY3JlYXRlIjo2MDAwMDAwMDAwMDAsImRlbGV0ZSI6MTIwMDAwMDAwMDAwMH0sInNjaGVtYV92ZXJzaW9uIjoiMSJ9",
          "dependencies": [
            "aws_vpc.concert"
          ]
        }
      ]
    },
    {
      "mode": "managed",
      "type": "aws_vpc",
      "name": "concert",
      "provider": "provider[\"registry.terraform.io/hashicorp/aws\"]",
      "instances": [
        {
          "schema_version": 1,
          "attributes": {
            "arn": "arn:aws:ec2:us-east-1:161326240347:vpc/vpc-077128945cf424869",
            "assign_generated_ipv6_cidr_block": false,
            "cidr_block": "10.0.0.0/16",
            "default_network_acl_id": "acl-0b54956e531566c88",
            "default_route_table_id": "rtb-0ed7423d4d7f5d2c6",
            "default_security_group_id": "sg-08fb4771bb3ed3e3c",
            "dhcp_options_id": "dopt-065dd9a9b82addf87",
            "enable_dns_hostnames": true,
            "enable_dns_support": true,
            "enable_network_address_usage_metrics": false,
            "id": "vpc-077128945cf424869",
            "instance_tenancy": "default",
            "ipv4_ipam_pool_id": null,
            "ipv4_netmask_length": null,
            "ipv6_association_id": "",
            "ipv6_cidr_block": "",
            "ipv6_cidr_block_network_border_group": "",
            "ipv6_ipam_pool_id": "",
            "ipv6_netmask_length": 0,
            "main_route_table_id": "rtb-0ed7423d4d7f5d2c6",
            "owner_id": "161326240347",
            "tags": {
              "Name": "concert-vpc"
            },
            "tags_all": {
              "Environment": "dev",
              "ManagedBy": "Terraform",
              "Name": "concert-vpc",
              "Project": "Concert"
            }
          },
          "sensitive_attributes": [],
          "private": "eyJzY2hlbWFfdmVyc2lvbiI6IjEifQ=="
        }
      ]
    },
    {
      "mode": "managed",
      "type": "local_file",
      "name": "private_key",
      "provider": "provider[\"registry.terraform.io/hashicorp/local\"]",
      "instances": [
        {
          "schema_version": 0,
          "attributes": {
            "content": "-----BEGIN RSA PRIVATE KEY-----\nMIIJKQIBAAKCAgEAtvMn9+OiPIOb3Zb5V/MUUK5k45qqOmo28hIrhuY0cbv6LTQP\ndM089CfiEbW9P6YDtTCAyOFeNrdsWkWuwpF3bkb5OMiXNRDlXPk0C/xNfDq+I3bx\nN0o3pVZXJsQebP9ov90v7VPZJjXPVU3Pv8jHifnplxlAyFHwiXLyoVBR/uLwLvKF\n212aiag6+lkf5tNElK4eUt3GsmfyFQGprI5CuBhlHdh46OBHGUJtroPLjiXWGhNz\nzgDvT7ZKrIYRdjUh8z8FnEDQm7Sk0iJw7dGCPtQ+Pym4P90TRTjiXCAoPibsVOAK\nUVtU1lNrjlF5dKozp7tJhG1QKMofQFyRi+QgCl07XA4CBUlT13tgFNksUlfWM0e3\nOpMfwFMH91KJ2lJHTtVIBeyvb5UAGzdd7W0eZDi5wSKmu7YERlsMS9CudZv5pOBk\nFxi7rUWQkLKqAY4rvDJ0Kw3CGORlSZuP52naDK1yaF50QXozXOB55GebH7rnoGoQ\nF9x27j999JPiWO9G4uOTsjqXT8NEMziFlZKnG6ixOVMLsh76m6v6iND81k/dgBQt\nmOKN+KMP+I0a8axZy/6f2BOrRN4G+QC1WjYg6X82g6lsoUed8uBBDXfZOc/WCKrT\n4T4Yee1CO5apkdYA1WgvTBSOrmakq8cgBwTFSi7c6Kd3iQCBu0ZjzIuxsJ8CAwEA\nAQKCAgAXG2gZbaVgmkjV+IseuiN/Oz+f5bmJbj/pXDUmMS4/jTwAeJpZKNEBj4YE\nsZ0pDFlcibdCaACjzZAAaNu1VHUutwUkUGWUvMETeKBDwUayIaNBTHUUBCo6Fkkk\nqtGi97FtxkyW36fGJTa+MflC4mOdgDSqMnTVuE+2tI+Do2bv2A75BwW0GsL5jwd/\n9kDKwTVgyAspcTx27R0M3SxmkINJyD8BQYWn+CfSv2qmB5xupEXB/mH6i3CuczpE\nRxyufvB+Th/xx9fxSqQkrFfyGaunLtx70tOkMVKNRC2G8ELU8sqXv8Jd2zjAZ0Hm\n9FBwVUz36vZSpRHiTQEcenShpBsNrSoQY6pbKskdIWqntCWB2ngwkvd/YVlGL2jJ\nf8KiquuBmel87H8gWfM61pckIr1nLV3wHRbyNMOecuLylyF32rOY96XLAx9XrniH\nrVcezU7uT73unMoArRTZzQUTXQIO4BD3KgX9b7UagSo0RCph/rXPE+Us4X76Tqla\nF4mLcdcRao0iKkmH1H9Di3baj0lRNKqCXBF8iOnq/ojE9QoaTcafi/J2XgcY4eJk\nsR8P+N3g3X+Cg7M5N6c1Qx8pP46b+PknSIzsX52TJMDYxkPkEXygoeG2u4LTydLA\nPgMFq6AePS2deKuSBibNrEYXH6hzWFcPaQMNsUlyyKtaHI+vxQKCAQEA7SwPqEp6\n+9jjoQdiYAVhi8uxtbMQuOLPBia7NojYwbkOYTpQnzlz5iODE6d6wjCDseCb6OXA\n+dS7LR5FmvIVrnzNNHXKDCVJcZFdJ0FX4HvtM+u6XDg7phQIVKm/kDE8PowwdS7H\nO9xpFDiSD+QfctB7EeF17FEp3vpTKYzoA6kGd77LKiATFzAcq38Ixd/E1d785m7X\nuDZID6LRDaoYoTM0hZgLHVrwYKgcAJ0XKw6O/+tkRDPBoUA5xtyGDuN9ri3oFWwJ\nu/2c8KR4Qic/i3lM3OxYWBcpkvT6nEDOkvnhRDqSFYtIKFwDZ3xFHBv5523LgwUn\ntV6FudTVfuIPnQKCAQEAxXkpHiTPrvg5zzA5pZKRO5AwCploUJOFsujYgcATn9v4\noJ3tSAQhGkT298f9+6Xlg12HqoM5XyWIOccyI7wBCanx0B+ERbbqfbAdquYlRAwz\nLXkS6lUyPoh2tSyA00KKoGsuzbHszqkGz099CqupS8LoHiOw9qGTJuw75nS1hT9H\nFeIl8Rl6P1Xian+dI/9JZtEXRz3vMAb2Tgbb4FysZdGELrma7h39NBflmDSFsHpd\nOZQmBaDlU64loZg9w1GJ1C8udetQ/85U95NhksP7fhD9OwU4qpOfCtk6dbkq+L8d\nK/SFWWWSYpEYPCR+whfFIObTSTR1G3lumyrYT6KyawKCAQAS01aC0zaj2vlmhMGI\nQaUWhZqbg5UmN8qbAGQH1iDub5P2n7xahyLt94+l9btGwrcRXXTCrcn9iqc405hO\nzjxuVzWqnlblU+hafWFZhlRFW1DeuC1YuJXzfs+SeM7d0SqpBFOsWYQy+jHVCxB8\n9myQnn/GUZEcquyZ6GDFgYvBDp+WzawusdESHB2Kd1Do8/QZzdNhLxcsZhKeOxxA\n62l9EiVvHTx0ng1Kfs2KNu3p2wP6yGJzD3ClLgXoBQUXFXOaacZsPOEg7OaSK1vo\nVFk05vH070Wr6FrCcXObB4HeJLt+wO9rily152fVxQVvT8EsX4ix46zdNp2CvKQd\nqC/5AoIBAQC00pRnKNgP5PaylPtEdOiOPSLwobbWia9Uu0h9z09pA3kwQkyjtDxH\nnLz0+WnFxAxc9QkkhxLC4FBUb+WmuSHOIpLtu95YI/2m59zSv/mBzRYT3pkGgMsI\nXdctYTn5uSXNbTgnXHR2bGpy7NuYKMZWPHxmFNKXlC515r2W8mnBQMcr77BEjMrX\nMiKo2IAhFUO2ZWJGdx0NwmJJ4pf2Y4XtmiPK0WRgBI/14qf3bqi4h+PTtKf4YXN8\n46tLxGdR8dketbF6gubhxqMhLRCc3t7sekwXfll8QL7SpUWVxN/ndMEWncp5qLuZ\njDk/4T89JZz52sPAdcuCQ/iXF22JxnZPAoIBAQCBzoa2qtp4nQKnourn7zQqt+QP\nJJMCnb/5na1iJuOkoFuHv8dVGJQpDXhlOcu8jwWS6q58m2Nmnp6ekvjeOq3x0ie0\nuCo3JGdMQ7yO11tWcK98VYuW8vP0TycvG5wzIfcFXZ7xDzJz/1RG5ChB3sOreEgA\n6rQjkSQcSQw5xYjksVU8fKnW5TCuEotcrKzjfqZXv9hHmr4TonuOE334Q6PbLp3o\ngWuDUEaeFohvYTFPNUvvk3U+08bCU5K0hhHfREKobIN1fejg2yVRhQTLJbb57ynB\nmfe3jOBGxRkPapxCr23GvoZnk4OeIJ1kAzUJ6dYDnSFNbQg4sXznhEjjbXch\n-----END RSA PRIVATE KEY-----\n",
            "content_base64": null,
            "content_base64sha256": "uelQw1PO9/gi7/9O/30gkFbYe381uWZNEjoW/3R7CL8=",
            "content_base64sha512": "Bfhz1eAixvl0vWbcanl6iyGZBwFaimLMob+EIDI0SAQ79QkYBhjq60rf/VFsyIJg4gWGqux8jpzj606x5vopSg==",
            "content_md5": "8e5d7b86e2f6d9b0364d634fe015c603",
            "content_sha1": "c1d3aaea3358a9f79c2696e9660d9d0f924d5787",
            "content_sha256": "b9e950c353cef7f822efff4eff7d209056d87b7f35b9664d123a16ff747b08bf",
            "content_sha512": "05f873d5e022c6f974bd66dc6a797a8b219907015a8a62cca1bf8420323448043bf509180618eaeb4adffd516cc88260e20586aaec7c8e9ce3eb4eb1e6fa294a",
            "directory_permission": "0777",
            "file_permission": "0600",
            "filename": "./concert-key.pem",
            "id": "c1d3aaea3358a9f79c2696e9660d9d0f924d5787",
            "sensitive_content": null,
            "source": null
          },
          "sensitive_attributes": [
            [
              {
                "type": "get_attr",
                "value": "content"
              }
            ]
          ],
          "dependencies": [
            "tls_private_key.generated"
          ]
        }
      ]
    },
    {
      "mode": "managed",
      "type": "random_id",
      "name": "bucket_suffix",
      "provider": "provider[\"registry.terraform.io/hashicorp/random\"]",
      "instances": [
        {
          "schema_version": 0,
          "attributes": {
            "b64_std": "1FO32w==",
            "b64_url": "1FO32w",
            "byte_length": 4,
            "dec": "3562256347",
            "hex": "d453b7db",
            "id": "1FO32w",
            "keepers": null,
            "prefix": null
          },
          "sensitive_attributes": []
        }
      ]
    },
    {
      "mode": "managed",
      "type": "tls_private_key",
      "name": "generated",
      "provider": "provider[\"registry.terraform.io/hashicorp/tls\"]",
      "instances": [
        {
          "schema_version": 1,
          "attributes": {
            "algorithm": "RSA",
            "ecdsa_curve": "P224",
            "id": "38c20d06b50fa8ac3fdc521164239e34330417cb",
            "private_key_openssh": "-----BEGIN OPENSSH PRIVATE KEY-----\nb3BlbnNzaC1rZXktdjEAAAAABG5vbmUAAAAEbm9uZQAAAAAAAAABAAACFwAAAAdz\nc2gtcnNhAAAAAwEAAQAAAgEAtvMn9+OiPIOb3Zb5V/MUUK5k45qqOmo28hIrhuY0\ncbv6LTQPdM089CfiEbW9P6YDtTCAyOFeNrdsWkWuwpF3bkb5OMiXNRDlXPk0C/xN\nfDq+I3bxN0o3pVZXJsQebP9ov90v7VPZJjXPVU3Pv8jHifnplxlAyFHwiXLyoVBR\n/uLwLvKF212aiag6+lkf5tNElK4eUt3GsmfyFQGprI5CuBhlHdh46OBHGUJtroPL\njiXWGhNzzgDvT7ZKrIYRdjUh8z8FnEDQm7Sk0iJw7dGCPtQ+Pym4P90TRTjiXCAo\nPibsVOAKUVtU1lNrjlF5dKozp7tJhG1QKMofQFyRi+QgCl07XA4CBUlT13tgFNks\nUlfWM0e3OpMfwFMH91KJ2lJHTtVIBeyvb5UAGzdd7W0eZDi5wSKmu7YERlsMS9Cu\ndZv5pOBkFxi7rUWQkLKqAY4rvDJ0Kw3CGORlSZuP52naDK1yaF50QXozXOB55Geb\nH7rnoGoQF9x27j999JPiWO9G4uOTsjqXT8NEMziFlZKnG6ixOVMLsh76m6v6iND8\n1k/dgBQtmOKN+KMP+I0a8axZy/6f2BOrRN4G+QC1WjYg6X82g6lsoUed8uBBDXfZ\nOc/WCKrT4T4Yee1CO5apkdYA1WgvTBSOrmakq8cgBwTFSi7c6Kd3iQCBu0ZjzIux\nsJ8AAAc42DzKkNg8ypAAAAAHc3NoLXJzYQAAAgEAtvMn9+OiPIOb3Zb5V/MUUK5k\n45qqOmo28hIrhuY0cbv6LTQPdM089CfiEbW9P6YDtTCAyOFeNrdsWkWuwpF3bkb5\nOMiXNRDlXPk0C/xNfDq+I3bxN0o3pVZXJsQebP9ov90v7VPZJjXPVU3Pv8jHifnp\nlxlAyFHwiXLyoVBR/uLwLvKF212aiag6+lkf5tNElK4eUt3GsmfyFQGprI5CuBhl\nHdh46OBHGUJtroPLjiXWGhNzzgDvT7ZKrIYRdjUh8z8FnEDQm7Sk0iJw7dGCPtQ+\nPym4P90TRTjiXCAoPibsVOAKUVtU1lNrjlF5dKozp7tJhG1QKMofQFyRi+QgCl07\nXA4CBUlT13tgFNksUlfWM0e3OpMfwFMH91KJ2lJHTtVIBeyvb5UAGzdd7W0eZDi5\nwSKmu7YERlsMS9CudZv5pOBkFxi7rUWQkLKqAY4rvDJ0Kw3CGORlSZuP52naDK1y\naF50QXozXOB55GebH7rnoGoQF9x27j999JPiWO9G4uOTsjqXT8NEMziFlZKnG6ix\nOVMLsh76m6v6iND81k/dgBQtmOKN+KMP+I0a8axZy/6f2BOrRN4G+QC1WjYg6X82\ng6lsoUed8uBBDXfZOc/WCKrT4T4Yee1CO5apkdYA1WgvTBSOrmakq8cgBwTFSi7c\n6Kd3iQCBu0ZjzIuxsJ8AAAADAQABAAACABcbaBltpWCaSNX4ix66I387P5/luYlu\nP+lcNSYxLj+NPAB4mlko0QGPhgSxnSkMWVyJt0JoAKPNkABo27VUdS63BSRQZZS8\nwRN4oEPBRrIho0FMdRQEKjoWSSSq0aL3sW3GTJbfp8YlNr4x+ULiY52ANKoydNW4\nT7a0j4OjZu/YDvkHBbQawvmPB3/2QMrBNWDICylxPHbtHQzdLGaQg0nIPwFBhaf4\nJ9K/aqYHnG6kRcH+YfqLcK5zOkRHHK5+8H5OH/HH1/FKpCSsV/IZq6cu3HvS06Qx\nUo1ELYbwQtTyype/wl3bOMBnQeb0UHBVTPfq9lKlEeJNARx6dKGkGw2tKhBjqlsq\nyR0haqe0JYHaeDCS939hWUYvaMl/wqKq64GZ6XzsfyBZ8zrWlyQivWctXfAdFvI0\nw55y4vKXIXfas5j3pcsDH1eueIetVx7NTu5Pve6cygCtFNnNBRNdAg7gEPcqBf1v\ntRqBKjREKmH+tc8T5SzhfvpOqVoXiYtx1xFqjSIqSYfUf0OLdtqPSVE0qoJcEXyI\n6er+iMT1ChpNxp+L8nZeBxjh4mSxHw/43eDdf4KDszk3pzVDHyk/jpv4+SdIjOxf\nnZMkwNjGQ+QRfKCh4ba7gtPJ0sA+AwWroB49LZ14q5IGJs2sRhcfqHNYVw9pAw2x\nSXLIq1ocj6/FAAABAQCBzoa2qtp4nQKnourn7zQqt+QPJJMCnb/5na1iJuOkoFuH\nv8dVGJQpDXhlOcu8jwWS6q58m2Nmnp6ekvjeOq3x0ie0uCo3JGdMQ7yO11tWcK98\nVYuW8vP0TycvG5wzIfcFXZ7xDzJz/1RG5ChB3sOreEgA6rQjkSQcSQw5xYjksVU8\nfKnW5TCuEotcrKzjfqZXv9hHmr4TonuOE334Q6PbLp3ogWuDUEaeFohvYTFPNUvv\nk3U+08bCU5K0hhHfREKobIN1fejg2yVRhQTLJbb57ynBmfe3jOBGxRkPapxCr23G\nvoZnk4OeIJ1kAzUJ6dYDnSFNbQg4sXznhEjjbXchAAABAQDtLA+oSnr72OOhB2Jg\nBWGLy7G1sxC44s8GJrs2iNjBuQ5hOlCfOXPmI4MTp3rCMIOx4Jvo5cD51LstHkWa\n8hWufM00dcoMJUlxkV0nQVfge+0z67pcODumFAhUqb+QMTw+jDB1Lsc73GkUOJIP\n5B9y0HsR4XXsUSne+lMpjOgDqQZ3vssqIBMXMByrfwjF38TV3vzmbte4NkgPotEN\nqhihMzSFmAsdWvBgqBwAnRcrDo7/62REM8GhQDnG3IYO432uLegVbAm7/ZzwpHhC\nJz+LeUzc7FhYFymS9PqcQM6S+eFEOpIVi0goXANnfEUcG/nnbcuDBSe1XoW51NV+\n4g+dAAABAQDFeSkeJM+u+DnPMDmlkpE7kDAKmWhQk4Wy6NiBwBOf2/igne1IBCEa\nRPb3x/37peWDXYeqgzlfJYg5xzIjvAEJqfHQH4RFtup9sB2q5iVEDDMteRLqVTI+\niHa1LIDTQoqgay7NsezOqQbPT30Kq6lLwugeI7D2oZMm7DvmdLWFP0cV4iXxGXo/\nVeJqf50j/0lm0RdHPe8wBvZOBtvgXKxl0YQuuZruHf00F+WYNIWwel05lCYFoOVT\nriWhmD3DUYnULy5161D/zlT3k2GSw/t+EP07BTiqk58K2Tp1uSr4vx0r9IVZZZJi\nkRg8JH7CF8Ug5tNJNHUbeW6bKthPorJrAAAAAAEC\n-----END OPENSSH PRIVATE KEY-----\n",
            "private_key_pem": "-----BEGIN RSA PRIVATE KEY-----\nMIIJKQIBAAKCAgEAtvMn9+OiPIOb3Zb5V/MUUK5k45qqOmo28hIrhuY0cbv6LTQP\ndM089CfiEbW9P6YDtTCAyOFeNrdsWkWuwpF3bkb5OMiXNRDlXPk0C/xNfDq+I3bx\nN0o3pVZXJsQebP9ov90v7VPZJjXPVU3Pv8jHifnplxlAyFHwiXLyoVBR/uLwLvKF\n212aiag6+lkf5tNElK4eUt3GsmfyFQGprI5CuBhlHdh46OBHGUJtroPLjiXWGhNz\nzgDvT7ZKrIYRdjUh8z8FnEDQm7Sk0iJw7dGCPtQ+Pym4P90TRTjiXCAoPibsVOAK\nUVtU1lNrjlF5dKozp7tJhG1QKMofQFyRi+QgCl07XA4CBUlT13tgFNksUlfWM0e3\nOpMfwFMH91KJ2lJHTtVIBeyvb5UAGzdd7W0eZDi5wSKmu7YERlsMS9CudZv5pOBk\nFxi7rUWQkLKqAY4rvDJ0Kw3CGORlSZuP52naDK1yaF50QXozXOB55GebH7rnoGoQ\nF9x27j999JPiWO9G4uOTsjqXT8NEMziFlZKnG6ixOVMLsh76m6v6iND81k/dgBQt\nmOKN+KMP+I0a8axZy/6f2BOrRN4G+QC1WjYg6X82g6lsoUed8uBBDXfZOc/WCKrT\n4T4Yee1CO5apkdYA1WgvTBSOrmakq8cgBwTFSi7c6Kd3iQCBu0ZjzIuxsJ8CAwEA\nAQKCAgAXG2gZbaVgmkjV+IseuiN/Oz+f5bmJbj/pXDUmMS4/jTwAeJpZKNEBj4YE\nsZ0pDFlcibdCaACjzZAAaNu1VHUutwUkUGWUvMETeKBDwUayIaNBTHUUBCo6Fkkk\nqtGi97FtxkyW36fGJTa+MflC4mOdgDSqMnTVuE+2tI+Do2bv2A75BwW0GsL5jwd/\n9kDKwTVgyAspcTx27R0M3SxmkINJyD8BQYWn+CfSv2qmB5xupEXB/mH6i3CuczpE\nRxyufvB+Th/xx9fxSqQkrFfyGaunLtx70tOkMVKNRC2G8ELU8sqXv8Jd2zjAZ0Hm\n9FBwVUz36vZSpRHiTQEcenShpBsNrSoQY6pbKskdIWqntCWB2ngwkvd/YVlGL2jJ\nf8KiquuBmel87H8gWfM61pckIr1nLV3wHRbyNMOecuLylyF32rOY96XLAx9XrniH\nrVcezU7uT73unMoArRTZzQUTXQIO4BD3KgX9b7UagSo0RCph/rXPE+Us4X76Tqla\nF4mLcdcRao0iKkmH1H9Di3baj0lRNKqCXBF8iOnq/ojE9QoaTcafi/J2XgcY4eJk\nsR8P+N3g3X+Cg7M5N6c1Qx8pP46b+PknSIzsX52TJMDYxkPkEXygoeG2u4LTydLA\nPgMFq6AePS2deKuSBibNrEYXH6hzWFcPaQMNsUlyyKtaHI+vxQKCAQEA7SwPqEp6\n+9jjoQdiYAVhi8uxtbMQuOLPBia7NojYwbkOYTpQnzlz5iODE6d6wjCDseCb6OXA\n+dS7LR5FmvIVrnzNNHXKDCVJcZFdJ0FX4HvtM+u6XDg7phQIVKm/kDE8PowwdS7H\nO9xpFDiSD+QfctB7EeF17FEp3vpTKYzoA6kGd77LKiATFzAcq38Ixd/E1d785m7X\nuDZID6LRDaoYoTM0hZgLHVrwYKgcAJ0XKw6O/+tkRDPBoUA5xtyGDuN9ri3oFWwJ\nu/2c8KR4Qic/i3lM3OxYWBcpkvT6nEDOkvnhRDqSFYtIKFwDZ3xFHBv5523LgwUn\ntV6FudTVfuIPnQKCAQEAxXkpHiTPrvg5zzA5pZKRO5AwCploUJOFsujYgcATn9v4\noJ3tSAQhGkT298f9+6Xlg12HqoM5XyWIOccyI7wBCanx0B+ERbbqfbAdquYlRAwz\nLXkS6lUyPoh2tSyA00KKoGsuzbHszqkGz099CqupS8LoHiOw9qGTJuw75nS1hT9H\nFeIl8Rl6P1Xian+dI/9JZtEXRz3vMAb2Tgbb4FysZdGELrma7h39NBflmDSFsHpd\nOZQmBaDlU64loZg9w1GJ1C8udetQ/85U95NhksP7fhD9OwU4qpOfCtk6dbkq+L8d\nK/SFWWWSYpEYPCR+whfFIObTSTR1G3lumyrYT6KyawKCAQAS01aC0zaj2vlmhMGI\nQaUWhZqbg5UmN8qbAGQH1iDub5P2n7xahyLt94+l9btGwrcRXXTCrcn9iqc405hO\nzjxuVzWqnlblU+hafWFZhlRFW1DeuC1YuJXzfs+SeM7d0SqpBFOsWYQy+jHVCxB8\n9myQnn/GUZEcquyZ6GDFgYvBDp+WzawusdESHB2Kd1Do8/QZzdNhLxcsZhKeOxxA\n62l9EiVvHTx0ng1Kfs2KNu3p2wP6yGJzD3ClLgXoBQUXFXOaacZsPOEg7OaSK1vo\nVFk05vH070Wr6FrCcXObB4HeJLt+wO9rily152fVxQVvT8EsX4ix46zdNp2CvKQd\nqC/5AoIBAQC00pRnKNgP5PaylPtEdOiOPSLwobbWia9Uu0h9z09pA3kwQkyjtDxH\nnLz0+WnFxAxc9QkkhxLC4FBUb+WmuSHOIpLtu95YI/2m59zSv/mBzRYT3pkGgMsI\nXdctYTn5uSXNbTgnXHR2bGpy7NuYKMZWPHxmFNKXlC515r2W8mnBQMcr77BEjMrX\nMiKo2IAhFUO2ZWJGdx0NwmJJ4pf2Y4XtmiPK0WRgBI/14qf3bqi4h+PTtKf4YXN8\n46tLxGdR8dketbF6gubhxqMhLRCc3t7sekwXfll8QL7SpUWVxN/ndMEWncp5qLuZ\njDk/4T89JZz52sPAdcuCQ/iXF22JxnZPAoIBAQCBzoa2qtp4nQKnourn7zQqt+QP\nJJMCnb/5na1iJuOkoFuHv8dVGJQpDXhlOcu8jwWS6q58m2Nmnp6ekvjeOq3x0ie0\nuCo3JGdMQ7yO11tWcK98VYuW8vP0TycvG5wzIfcFXZ7xDzJz/1RG5ChB3sOreEgA\n6rQjkSQcSQw5xYjksVU8fKnW5TCuEotcrKzjfqZXv9hHmr4TonuOE334Q6PbLp3o\ngWuDUEaeFohvYTFPNUvvk3U+08bCU5K0hhHfREKobIN1fejg2yVRhQTLJbb57ynB\nmfe3jOBGxRkPapxCr23GvoZnk4OeIJ1kAzUJ6dYDnSFNbQg4sXznhEjjbXch\n-----END RSA PRIVATE KEY-----\n",
            "private_key_pem_pkcs8": "-----BEGIN PRIVATE KEY-----\nMIIJQwIBADANBgkqhkiG9w0BAQEFAASCCS0wggkpAgEAAoICAQC28yf346I8g5vd\nlvlX8xRQrmTjmqo6ajbyEiuG5jRxu/otNA90zTz0J+IRtb0/pgO1MIDI4V42t2xa\nRa7CkXduRvk4yJc1EOVc+TQL/E18Or4jdvE3SjelVlcmxB5s/2i/3S/tU9kmNc9V\nTc+/yMeJ+emXGUDIUfCJcvKhUFH+4vAu8oXbXZqJqDr6WR/m00SUrh5S3cayZ/IV\nAamsjkK4GGUd2Hjo4EcZQm2ug8uOJdYaE3POAO9PtkqshhF2NSHzPwWcQNCbtKTS\nInDt0YI+1D4/Kbg/3RNFOOJcICg+JuxU4ApRW1TWU2uOUXl0qjOnu0mEbVAoyh9A\nXJGL5CAKXTtcDgIFSVPXe2AU2SxSV9YzR7c6kx/AUwf3UonaUkdO1UgF7K9vlQAb\nN13tbR5kOLnBIqa7tgRGWwxL0K51m/mk4GQXGLutRZCQsqoBjiu8MnQrDcIY5GVJ\nm4/nadoMrXJoXnRBejNc4HnkZ5sfuuegahAX3HbuP330k+JY70bi45OyOpdPw0Qz\nOIWVkqcbqLE5UwuyHvqbq/qI0PzWT92AFC2Y4o34ow/4jRrxrFnL/p/YE6tE3gb5\nALVaNiDpfzaDqWyhR53y4EENd9k5z9YIqtPhPhh57UI7lqmR1gDVaC9MFI6uZqSr\nxyAHBMVKLtzop3eJAIG7RmPMi7GwnwIDAQABAoICABcbaBltpWCaSNX4ix66I387\nP5/luYluP+lcNSYxLj+NPAB4mlko0QGPhgSxnSkMWVyJt0JoAKPNkABo27VUdS63\nBSRQZZS8wRN4oEPBRrIho0FMdRQEKjoWSSSq0aL3sW3GTJbfp8YlNr4x+ULiY52A\nNKoydNW4T7a0j4OjZu/YDvkHBbQawvmPB3/2QMrBNWDICylxPHbtHQzdLGaQg0nI\nPwFBhaf4J9K/aqYHnG6kRcH+YfqLcK5zOkRHHK5+8H5OH/HH1/FKpCSsV/IZq6cu\n3HvS06QxUo1ELYbwQtTyype/wl3bOMBnQeb0UHBVTPfq9lKlEeJNARx6dKGkGw2t\nKhBjqlsqyR0haqe0JYHaeDCS939hWUYvaMl/wqKq64GZ6XzsfyBZ8zrWlyQivWct\nXfAdFvI0w55y4vKXIXfas5j3pcsDH1eueIetVx7NTu5Pve6cygCtFNnNBRNdAg7g\nEPcqBf1vtRqBKjREKmH+tc8T5SzhfvpOqVoXiYtx1xFqjSIqSYfUf0OLdtqPSVE0\nqoJcEXyI6er+iMT1ChpNxp+L8nZeBxjh4mSxHw/43eDdf4KDszk3pzVDHyk/jpv4\n+SdIjOxfnZMkwNjGQ+QRfKCh4ba7gtPJ0sA+AwWroB49LZ14q5IGJs2sRhcfqHNY\nVw9pAw2xSXLIq1ocj6/FAoIBAQDtLA+oSnr72OOhB2JgBWGLy7G1sxC44s8GJrs2\niNjBuQ5hOlCfOXPmI4MTp3rCMIOx4Jvo5cD51LstHkWa8hWufM00dcoMJUlxkV0n\nQVfge+0z67pcODumFAhUqb+QMTw+jDB1Lsc73GkUOJIP5B9y0HsR4XXsUSne+lMp\njOgDqQZ3vssqIBMXMByrfwjF38TV3vzmbte4NkgPotENqhihMzSFmAsdWvBgqBwA\nnRcrDo7/62REM8GhQDnG3IYO432uLegVbAm7/ZzwpHhCJz+LeUzc7FhYFymS9Pqc\nQM6S+eFEOpIVi0goXANnfEUcG/nnbcuDBSe1XoW51NV+4g+dAoIBAQDFeSkeJM+u\n+DnPMDmlkpE7kDAKmWhQk4Wy6NiBwBOf2/igne1IBCEaRPb3x/37peWDXYeqgzlf\nJYg5xzIjvAEJqfHQH4RFtup9sB2q5iVEDDMteRLqVTI+iHa1LIDTQoqgay7NsezO\nqQbPT30Kq6lLwugeI7D2oZMm7DvmdLWFP0cV4iXxGXo/VeJqf50j/0lm0RdHPe8w\nBvZOBtvgXKxl0YQuuZruHf00F+WYNIWwel05lCYFoOVTriWhmD3DUYnULy5161D/\nzlT3k2GSw/t+EP07BTiqk58K2Tp1uSr4vx0r9IVZZZJikRg8JH7CF8Ug5tNJNHUb\neW6bKthPorJrAoIBABLTVoLTNqPa+WaEwYhBpRaFmpuDlSY3ypsAZAfWIO5vk/af\nvFqHIu33j6X1u0bCtxFddMKtyf2KpzjTmE7OPG5XNaqeVuVT6Fp9YVmGVEVbUN64\nLVi4lfN+z5J4zt3RKqkEU6xZhDL6MdULEHz2bJCef8ZRkRyq7JnoYMWBi8EOn5bN\nrC6x0RIcHYp3UOjz9BnN02EvFyxmEp47HEDraX0SJW8dPHSeDUp+zYo27enbA/rI\nYnMPcKUuBegFBRcVc5ppxmw84SDs5pIrW+hUWTTm8fTvRavoWsJxc5sHgd4ku37A\n72uKXLXnZ9XFBW9PwSxfiLHjrN02nYK8pB2oL/kCggEBALTSlGco2A/k9rKU+0R0\n6I49IvChttaJr1S7SH3PT2kDeTBCTKO0PEecvPT5acXEDFz1CSSHEsLgUFRv5aa5\nIc4iku273lgj/abn3NK/+YHNFhPemQaAywhd1y1hOfm5Jc1tOCdcdHZsanLs25go\nxlY8fGYU0peULnXmvZbyacFAxyvvsESMytcyIqjYgCEVQ7ZlYkZ3HQ3CYknil/Zj\nhe2aI8rRZGAEj/Xip/duqLiH49O0p/hhc3zjq0vEZ1Hx2R61sXqC5uHGoyEtEJze\n3ux6TBd+WXxAvtKlRZXE3+d0wRadynmou5mMOT/hPz0lnPnaw8B1y4JD+JcXbYnG\ndk8CggEBAIHOhraq2nidAqei6ufvNCq35A8kkwKdv/mdrWIm46SgW4e/x1UYlCkN\neGU5y7yPBZLqrnybY2aenp6S+N46rfHSJ7S4KjckZ0xDvI7XW1Zwr3xVi5by8/RP\nJy8bnDMh9wVdnvEPMnP/VEbkKEHew6t4SADqtCORJBxJDDnFiOSxVTx8qdblMK4S\ni1ysrON+ple/2EeavhOie44TffhDo9suneiBa4NQRp4WiG9hMU81S++TdT7TxsJT\nkrSGEd9EQqhsg3V96ODbJVGFBMsltvnvKcGZ97eM4EbFGQ9qnEKvbca+hmeTg54g\nnWQDNQnp1gOdIU1tCDixfOeESONtdyE=\n-----END PRIVATE KEY-----\n",
            "public_key_fingerprint_md5": "3c:58:cc:29:41:70:ed:67:11:a9:24:95:21:c4:ff:96",
            "public_key_fingerprint_sha256": "SHA256:5jp7vKA3o4PG2mRcegQ1sl3w0gRzRiHrhXAU2nvxVaQ",
            "public_key_openssh": "ssh-rsa AAAAB3NzaC1yc2EAAAADAQABAAACAQC28yf346I8g5vdlvlX8xRQrmTjmqo6ajbyEiuG5jRxu/otNA90zTz0J+IRtb0/pgO1MIDI4V42t2xaRa7CkXduRvk4yJc1EOVc+TQL/E18Or4jdvE3SjelVlcmxB5s/2i/3S/tU9kmNc9VTc+/yMeJ+emXGUDIUfCJcvKhUFH+4vAu8oXbXZqJqDr6WR/m00SUrh5S3cayZ/IVAamsjkK4GGUd2Hjo4EcZQm2ug8uOJdYaE3POAO9PtkqshhF2NSHzPwWcQNCbtKTSInDt0YI+1D4/Kbg/3RNFOOJcICg+JuxU4ApRW1TWU2uOUXl0qjOnu0mEbVAoyh9AXJGL5CAKXTtcDgIFSVPXe2AU2SxSV9YzR7c6kx/AUwf3UonaUkdO1UgF7K9vlQAbN13tbR5kOLnBIqa7tgRGWwxL0K51m/mk4GQXGLutRZCQsqoBjiu8MnQrDcIY5GVJm4/nadoMrXJoXnRBejNc4HnkZ5sfuuegahAX3HbuP330k+JY70bi45OyOpdPw0QzOIWVkqcbqLE5UwuyHvqbq/qI0PzWT92AFC2Y4o34ow/4jRrxrFnL/p/YE6tE3gb5ALVaNiDpfzaDqWyhR53y4EENd9k5z9YIqtPhPhh57UI7lqmR1gDVaC9MFI6uZqSrxyAHBMVKLtzop3eJAIG7RmPMi7Gwnw==\n",
            "public_key_pem": "-----BEGIN PUBLIC KEY-----\nMIICIjANBgkqhkiG9w0BAQEFAAOCAg8AMIICCgKCAgEAtvMn9+OiPIOb3Zb5V/MU\nUK5k45qqOmo28hIrhuY0cbv6LTQPdM089CfiEbW9P6YDtTCAyOFeNrdsWkWuwpF3\nbkb5OMiXNRDlXPk0C/xNfDq+I3bxN0o3pVZXJsQebP9ov90v7VPZJjXPVU3Pv8jH\nifnplxlAyFHwiXLyoVBR/uLwLvKF212aiag6+lkf5tNElK4eUt3GsmfyFQGprI5C\nuBhlHdh46OBHGUJtroPLjiXWGhNzzgDvT7ZKrIYRdjUh8z8FnEDQm7Sk0iJw7dGC\nPtQ+Pym4P90TRTjiXCAoPibsVOAKUVtU1lNrjlF5dKozp7tJhG1QKMofQFyRi+Qg\nCl07XA4CBUlT13tgFNksUlfWM0e3OpMfwFMH91KJ2lJHTtVIBeyvb5UAGzdd7W0e\nZDi5wSKmu7YERlsMS9CudZv5pOBkFxi7rUWQkLKqAY4rvDJ0Kw3CGORlSZuP52na\nDK1yaF50QXozXOB55GebH7rnoGoQF9x27j999JPiWO9G4uOTsjqXT8NEMziFlZKn\nG6ixOVMLsh76m6v6iND81k/dgBQtmOKN+KMP+I0a8axZy/6f2BOrRN4G+QC1WjYg\n6X82g6lsoUed8uBBDXfZOc/WCKrT4T4Yee1CO5apkdYA1WgvTBSOrmakq8cgBwTF\nSi7c6Kd3iQCBu0ZjzIuxsJ8CAwEAAQ==\n-----END PUBLIC KEY-----\n",
            "rsa_bits": 4096
          },
          "sensitive_attributes": []
        }
      ]
    }
  ],
  "check_results": null
}
